
Microsoft Visual Studio Solution File, Format Version 12.00
# Visual Studio 15
VisualStudioVersion = 15.0.27004.2005
MinimumVisualStudioVersion = 10.0.40219.1
Project("{FAE04EC0-301F-11D3-BF4B-00C04F79EFBC}") = "Figlut.Web.Service", "Figlut.Web.Service\Figlut.Web.Service.csproj", "{B5F73047-284A-42D5-BD2D-2D343EDB87B4}"
EndProject
Project("{FAE04EC0-301F-11D3-BF4B-00C04F79EFBC}") = "Figlut.Desktop.DataBox", "Figlut.Desktop.DataBox\Figlut.Desktop.DataBox.csproj", "{5D762427-4222-4CE4-8821-7E81A4778913}"
EndProject
Project("{FAE04EC0-301F-11D3-BF4B-00C04F79EFBC}") = "Figlut.Desktop.DataBox.Controls", "Figlut.Desktop.DataBox.Controls\Figlut.Desktop.DataBox.Controls.csproj", "{2AA374CD-926C-42FA-9D2B-B172151D07B4}"
EndProject
Project("{FAE04EC0-301F-11D3-BF4B-00C04F79EFBC}") = "Figlut.Desktop.DataBox.AuxilaryUI", "Figlut.Desktop.DataBox.AuxilaryUI\Figlut.Desktop.DataBox.AuxilaryUI.csproj", "{D7946CAC-076D-45FB-8AC9-ED029B4CBF20}"
EndProject
Project("{FAE04EC0-301F-11D3-BF4B-00C04F79EFBC}") = "Figlut.Desktop.DataBox.Utilities", "Figlut.Desktop.DataBox.Utilities\Figlut.Desktop.DataBox.Utilities.csproj", "{20D2D5E6-D1F9-49A1-B628-C2605AE1C1E8}"
EndProject
Project("{FAE04EC0-301F-11D3-BF4B-00C04F79EFBC}") = "Figlut.QueryRunner", "Figlut.QueryRunner\Figlut.QueryRunner.csproj", "{3583C7BB-5F37-42B2-B3F1-6481A869DC9D}"
EndProject
Project("{FAE04EC0-301F-11D3-BF4B-00C04F79EFBC}") = "Figlut.QueryRunner.Driver", "Figlut.QueryRunner.Driver\Figlut.QueryRunner.Driver.csproj", "{45424E72-B5C1-4190-896E-BB9DE4675958}"
EndProject
Project("{FAE04EC0-301F-11D3-BF4B-00C04F79EFBC}") = "Figlut.Suite.Installer", "Figlut.Suite.Installer\Figlut.Suite.Installer.csproj", "{5C6F48D8-26C8-40A5-85CB-86C179A403E1}"
EndProject
Project("{FAE04EC0-301F-11D3-BF4B-00C04F79EFBC}") = "Figlut.Configuration.Manager.MMC", "Figlut.Configuration.Manager.MMC\Figlut.Configuration.Manager.MMC.csproj", "{AC9C8372-69B8-4AA3-9294-EFD7656C3661}"
EndProject
Project("{FAE04EC0-301F-11D3-BF4B-00C04F79EFBC}") = "Figlut.Configuration.Manager", "Figlut.Configuration.Manager\Figlut.Configuration.Manager.csproj", "{4C862BF3-1282-459B-9416-0D04D566F998}"
EndProject
Project("{FAE04EC0-301F-11D3-BF4B-00C04F79EFBC}") = "Figlut.Desktop.BaseUI", "Figlut.Desktop.BaseUI\Figlut.Desktop.BaseUI.csproj", "{DC7D62DC-9BAD-44ED-831D-7AE7CBCFCCA5}"
EndProject
Project("{2150E333-8FDC-42A3-9474-1A3956D46DE8}") = "Toolkit", "Toolkit", "{199F895A-4A05-4434-9A6D-02531509A1E5}"
EndProject
Project("{2150E333-8FDC-42A3-9474-1A3956D46DE8}") = "Settings", "Settings", "{B9E5D282-AA1C-4704-A4B2-B76E690E5A6A}"
EndProject
Project("{FAE04EC0-301F-11D3-BF4B-00C04F79EFBC}") = "Figlut.Desktop.DataBox.Configuration.20", "Figlut.Desktop.DataBox.Configuration.20\Figlut.Desktop.DataBox.Configuration.20.csproj", "{21997B72-ADB7-4DE8-B540-4842B2D84027}"
EndProject
Project("{FAE04EC0-301F-11D3-BF4B-00C04F79EFBC}") = "Figlut.Web.Service.Configuration.20", "Figlut.Web.Service.Configuration.20\Figlut.Web.Service.Configuration.20.csproj", "{DF41552D-D7F0-4CE8-ABCF-C701A6B0C620}"
EndProject
Project("{FAE04EC0-301F-11D3-BF4B-00C04F79EFBC}") = "Figlut.Web.Service.Configuration.35", "Figlut.Web.Service.Configuration.35\Figlut.Web.Service.Configuration.35.csproj", "{5F96ED54-716A-4963-B7F3-F2867F3BF8EF}"
EndProject
Project("{FAE04EC0-301F-11D3-BF4B-00C04F79EFBC}") = "Figlut.Web.Service.Configuration.45", "Figlut.Web.Service.Configuration.45\Figlut.Web.Service.Configuration.45.csproj", "{5618710C-9D78-4D72-B931-35F006856566}"
EndProject
Project("{FAE04EC0-301F-11D3-BF4B-00C04F79EFBC}") = "Figlut.Desktop.DataBox.Configuration.35", "Figlut.Desktop.DataBox.Configuration.35\Figlut.Desktop.DataBox.Configuration.35.csproj", "{16D8683E-15ED-4770-8F6C-548D89055377}"
EndProject
Project("{FAE04EC0-301F-11D3-BF4B-00C04F79EFBC}") = "Figlut.Desktop.DataBox.Configuration.45", "Figlut.Desktop.DataBox.Configuration.45\Figlut.Desktop.DataBox.Configuration.45.csproj", "{EA134C28-C6E3-4844-9515-40417FBF6A45}"
EndProject
Project("{2150E333-8FDC-42A3-9474-1A3956D46DE8}") = "DesktopDataBox", "DesktopDataBox", "{B66E4689-5574-418C-8F46-1CAA2A2AC65A}"
EndProject
Project("{2150E333-8FDC-42A3-9474-1A3956D46DE8}") = "WebService", "WebService", "{9C98119C-27BB-4038-9B80-DC7361D61A59}"
EndProject
Project("{2150E333-8FDC-42A3-9474-1A3956D46DE8}") = "ConfigurationManager", "ConfigurationManager", "{A946A3B2-CB07-4C9D-8F90-54D31613707D}"
EndProject
Project("{2150E333-8FDC-42A3-9474-1A3956D46DE8}") = "WebSite", "WebSite", "{97AAFB01-70C9-4D51-8D0B-B7AD93515486}"
EndProject
Project("{FAE04EC0-301F-11D3-BF4B-00C04F79EFBC}") = "Figlut.Web.Site", "Figlut.Web.Site\Figlut.Web.Site.csproj", "{A292F920-6D85-4113-BC9B-4127D40D6CB2}"
EndProject
Project("{FAE04EC0-301F-11D3-BF4B-00C04F79EFBC}") = "Figlut.Mobile.Web.DataBox", "Figlut.Mobile.Web.DataBox\Figlut.Mobile.Web.DataBox.csproj", "{26D7E496-986C-479C-B0EC-FA8A784C79D9}"
EndProject
Project("{FAE04EC0-301F-11D3-BF4B-00C04F79EFBC}") = "Figlut.Server.Toolkit.20", "Figlut.Server.Toolkit.20\Figlut.Server.Toolkit.20.csproj", "{77B2F252-4034-49C8-A46F-606BE9FABB3E}"
EndProject
Project("{FAE04EC0-301F-11D3-BF4B-00C04F79EFBC}") = "Figlut.Server.Toolkit.35", "Figlut.Server.Toolkit.35\Figlut.Server.Toolkit.35.csproj", "{2210F1C7-64CF-44A6-A8C9-A512E765EB63}"
EndProject
Project("{FAE04EC0-301F-11D3-BF4B-00C04F79EFBC}") = "Figlut.Server.Toolkit.45", "Figlut.Server.Toolkit.45\Figlut.Server.Toolkit.45.csproj", "{A7C9A24D-E19B-42F5-A298-805A489334EF}"
EndProject
Project("{FAE04EC0-301F-11D3-BF4B-00C04F79EFBC}") = "Figlut.SMS.TestDriver", "Figlut.SMS.TestDriver\Figlut.SMS.TestDriver.csproj", "{07A6EACA-75CC-4530-95C2-7C10832A7025}"
EndProject
Project("{2150E333-8FDC-42A3-9474-1A3956D46DE8}") = "Utilities", "Utilities", "{870DF395-51BE-4485-B9FD-76E0C2232351}"
EndProject
Project("{FAE04EC0-301F-11D3-BF4B-00C04F79EFBC}") = "Figlut.ReModem", "Figlut.ReModem\Figlut.ReModem.csproj", "{16B804A8-04DC-466A-A9CE-3BE07354D302}"
EndProject
Project("{FAE04EC0-301F-11D3-BF4B-00C04F79EFBC}") = "Figlut.ReModem.Configuration", "Figlut.ReModem.Configuration\Figlut.ReModem.Configuration.csproj", "{40D36590-30CA-4E09-8C0D-058D24E2FD66}"
EndProject
Project("{FAE04EC0-301F-11D3-BF4B-00C04F79EFBC}") = "Figlut.WPF.Toolkit.45", "Figlut.WPF.Toolkit.45\Figlut.WPF.Toolkit.45.csproj", "{7713F29C-B4CC-465F-B419-7BEF546FEE06}"
EndProject
Project("{FAE04EC0-301F-11D3-BF4B-00C04F79EFBC}") = "Figlut.ORM", "Figlut.ORM\Figlut.ORM.csproj", "{2B65EB5D-ACB6-4380-B77E-ED50371FD5C8}"
EndProject
Project("{FAE04EC0-301F-11D3-BF4B-00C04F79EFBC}") = "Figlut.Desktop.Barcode.Configuration", "Figlut.Desktop.Barcode.Configuration\Figlut.Desktop.Barcode.Configuration.csproj", "{EFDA1EF5-7C81-49F6-96B0-511A8267939B}"
EndProject
Project("{FAE04EC0-301F-11D3-BF4B-00C04F79EFBC}") = "Figlut.Desktop.Barcode", "Figlut.Desktop.Barcode\Figlut.Desktop.Barcode.csproj", "{63864F27-4AC7-4C5E-A788-8147A1FB220E}"
EndProject
Project("{FAE04EC0-301F-11D3-BF4B-00C04F79EFBC}") = "Figlut.ServiceInstaller", "Figlut.ServiceInstaller\Figlut.ServiceInstaller.csproj", "{8A2C7BF9-4645-4E8B-AF9F-7D044A716C3B}"
EndProject
Project("{FAE04EC0-301F-11D3-BF4B-00C04F79EFBC}") = "Figlut.ServiceInstaller.Configuration", "Figlut.ServiceInstaller.Configuration\Figlut.ServiceInstaller.Configuration.csproj", "{59F53796-D08C-4346-A6A2-50491E9F3ECC}"
EndProject
Global
	GlobalSection(SolutionConfigurationPlatforms) = preSolution
		CD_ROM|Any CPU = CD_ROM|Any CPU
		CD_ROM|Mixed Platforms = CD_ROM|Mixed Platforms
		CD_ROM|Win32 = CD_ROM|Win32
		Debug|Any CPU = Debug|Any CPU
		Debug|Mixed Platforms = Debug|Mixed Platforms
		Debug|Win32 = Debug|Win32
		DVD-5|Any CPU = DVD-5|Any CPU
		DVD-5|Mixed Platforms = DVD-5|Mixed Platforms
		DVD-5|Win32 = DVD-5|Win32
		Release|Any CPU = Release|Any CPU
		Release|Mixed Platforms = Release|Mixed Platforms
		Release|Win32 = Release|Win32
		SingleImage|Any CPU = SingleImage|Any CPU
		SingleImage|Mixed Platforms = SingleImage|Mixed Platforms
		SingleImage|Win32 = SingleImage|Win32
	EndGlobalSection
	GlobalSection(ProjectConfigurationPlatforms) = postSolution
		{B5F73047-284A-42D5-BD2D-2D343EDB87B4}.CD_ROM|Any CPU.ActiveCfg = Release|Any CPU
		{B5F73047-284A-42D5-BD2D-2D343EDB87B4}.CD_ROM|Any CPU.Build.0 = Release|Any CPU
		{B5F73047-284A-42D5-BD2D-2D343EDB87B4}.CD_ROM|Mixed Platforms.ActiveCfg = Release|Any CPU
		{B5F73047-284A-42D5-BD2D-2D343EDB87B4}.CD_ROM|Mixed Platforms.Build.0 = Release|Any CPU
		{B5F73047-284A-42D5-BD2D-2D343EDB87B4}.CD_ROM|Win32.ActiveCfg = Release|Any CPU
		{B5F73047-284A-42D5-BD2D-2D343EDB87B4}.Debug|Any CPU.ActiveCfg = Debug|Any CPU
		{B5F73047-284A-42D5-BD2D-2D343EDB87B4}.Debug|Any CPU.Build.0 = Debug|Any CPU
		{B5F73047-284A-42D5-BD2D-2D343EDB87B4}.Debug|Mixed Platforms.ActiveCfg = Debug|Any CPU
		{B5F73047-284A-42D5-BD2D-2D343EDB87B4}.Debug|Mixed Platforms.Build.0 = Debug|Any CPU
		{B5F73047-284A-42D5-BD2D-2D343EDB87B4}.Debug|Win32.ActiveCfg = Debug|Any CPU
		{B5F73047-284A-42D5-BD2D-2D343EDB87B4}.DVD-5|Any CPU.ActiveCfg = Debug|Any CPU
		{B5F73047-284A-42D5-BD2D-2D343EDB87B4}.DVD-5|Any CPU.Build.0 = Debug|Any CPU
		{B5F73047-284A-42D5-BD2D-2D343EDB87B4}.DVD-5|Mixed Platforms.ActiveCfg = Debug|Any CPU
		{B5F73047-284A-42D5-BD2D-2D343EDB87B4}.DVD-5|Mixed Platforms.Build.0 = Debug|Any CPU
		{B5F73047-284A-42D5-BD2D-2D343EDB87B4}.DVD-5|Win32.ActiveCfg = Debug|Any CPU
		{B5F73047-284A-42D5-BD2D-2D343EDB87B4}.Release|Any CPU.ActiveCfg = Release|Any CPU
		{B5F73047-284A-42D5-BD2D-2D343EDB87B4}.Release|Any CPU.Build.0 = Release|Any CPU
		{B5F73047-284A-42D5-BD2D-2D343EDB87B4}.Release|Mixed Platforms.ActiveCfg = Release|Any CPU
		{B5F73047-284A-42D5-BD2D-2D343EDB87B4}.Release|Mixed Platforms.Build.0 = Release|Any CPU
		{B5F73047-284A-42D5-BD2D-2D343EDB87B4}.Release|Win32.ActiveCfg = Release|Any CPU
		{B5F73047-284A-42D5-BD2D-2D343EDB87B4}.SingleImage|Any CPU.ActiveCfg = Release|Any CPU
		{B5F73047-284A-42D5-BD2D-2D343EDB87B4}.SingleImage|Any CPU.Build.0 = Release|Any CPU
		{B5F73047-284A-42D5-BD2D-2D343EDB87B4}.SingleImage|Mixed Platforms.ActiveCfg = Debug|Any CPU
		{B5F73047-284A-42D5-BD2D-2D343EDB87B4}.SingleImage|Mixed Platforms.Build.0 = Debug|Any CPU
		{B5F73047-284A-42D5-BD2D-2D343EDB87B4}.SingleImage|Win32.ActiveCfg = Release|Any CPU
		{5D762427-4222-4CE4-8821-7E81A4778913}.CD_ROM|Any CPU.ActiveCfg = Release|Any CPU
		{5D762427-4222-4CE4-8821-7E81A4778913}.CD_ROM|Any CPU.Build.0 = Release|Any CPU
		{5D762427-4222-4CE4-8821-7E81A4778913}.CD_ROM|Mixed Platforms.ActiveCfg = Release|Any CPU
		{5D762427-4222-4CE4-8821-7E81A4778913}.CD_ROM|Mixed Platforms.Build.0 = Release|Any CPU
		{5D762427-4222-4CE4-8821-7E81A4778913}.CD_ROM|Win32.ActiveCfg = Release|Any CPU
		{5D762427-4222-4CE4-8821-7E81A4778913}.Debug|Any CPU.ActiveCfg = Debug|Any CPU
		{5D762427-4222-4CE4-8821-7E81A4778913}.Debug|Any CPU.Build.0 = Debug|Any CPU
		{5D762427-4222-4CE4-8821-7E81A4778913}.Debug|Mixed Platforms.ActiveCfg = Debug|Any CPU
		{5D762427-4222-4CE4-8821-7E81A4778913}.Debug|Mixed Platforms.Build.0 = Debug|Any CPU
		{5D762427-4222-4CE4-8821-7E81A4778913}.Debug|Win32.ActiveCfg = Debug|Any CPU
		{5D762427-4222-4CE4-8821-7E81A4778913}.DVD-5|Any CPU.ActiveCfg = Debug|Any CPU
		{5D762427-4222-4CE4-8821-7E81A4778913}.DVD-5|Any CPU.Build.0 = Debug|Any CPU
		{5D762427-4222-4CE4-8821-7E81A4778913}.DVD-5|Mixed Platforms.ActiveCfg = Debug|Any CPU
		{5D762427-4222-4CE4-8821-7E81A4778913}.DVD-5|Mixed Platforms.Build.0 = Debug|Any CPU
		{5D762427-4222-4CE4-8821-7E81A4778913}.DVD-5|Win32.ActiveCfg = Debug|Any CPU
		{5D762427-4222-4CE4-8821-7E81A4778913}.Release|Any CPU.ActiveCfg = Release|Any CPU
		{5D762427-4222-4CE4-8821-7E81A4778913}.Release|Any CPU.Build.0 = Release|Any CPU
		{5D762427-4222-4CE4-8821-7E81A4778913}.Release|Mixed Platforms.ActiveCfg = Release|Any CPU
		{5D762427-4222-4CE4-8821-7E81A4778913}.Release|Mixed Platforms.Build.0 = Release|Any CPU
		{5D762427-4222-4CE4-8821-7E81A4778913}.Release|Win32.ActiveCfg = Release|Any CPU
		{5D762427-4222-4CE4-8821-7E81A4778913}.SingleImage|Any CPU.ActiveCfg = Release|Any CPU
		{5D762427-4222-4CE4-8821-7E81A4778913}.SingleImage|Any CPU.Build.0 = Release|Any CPU
		{5D762427-4222-4CE4-8821-7E81A4778913}.SingleImage|Mixed Platforms.ActiveCfg = Debug|Any CPU
		{5D762427-4222-4CE4-8821-7E81A4778913}.SingleImage|Mixed Platforms.Build.0 = Debug|Any CPU
		{5D762427-4222-4CE4-8821-7E81A4778913}.SingleImage|Win32.ActiveCfg = Release|Any CPU
		{2AA374CD-926C-42FA-9D2B-B172151D07B4}.CD_ROM|Any CPU.ActiveCfg = Release|Any CPU
		{2AA374CD-926C-42FA-9D2B-B172151D07B4}.CD_ROM|Any CPU.Build.0 = Release|Any CPU
		{2AA374CD-926C-42FA-9D2B-B172151D07B4}.CD_ROM|Mixed Platforms.ActiveCfg = Release|Any CPU
		{2AA374CD-926C-42FA-9D2B-B172151D07B4}.CD_ROM|Mixed Platforms.Build.0 = Release|Any CPU
		{2AA374CD-926C-42FA-9D2B-B172151D07B4}.CD_ROM|Win32.ActiveCfg = Release|Any CPU
		{2AA374CD-926C-42FA-9D2B-B172151D07B4}.Debug|Any CPU.ActiveCfg = Debug|Any CPU
		{2AA374CD-926C-42FA-9D2B-B172151D07B4}.Debug|Any CPU.Build.0 = Debug|Any CPU
		{2AA374CD-926C-42FA-9D2B-B172151D07B4}.Debug|Mixed Platforms.ActiveCfg = Debug|Any CPU
		{2AA374CD-926C-42FA-9D2B-B172151D07B4}.Debug|Mixed Platforms.Build.0 = Debug|Any CPU
		{2AA374CD-926C-42FA-9D2B-B172151D07B4}.Debug|Win32.ActiveCfg = Debug|Any CPU
		{2AA374CD-926C-42FA-9D2B-B172151D07B4}.DVD-5|Any CPU.ActiveCfg = Debug|Any CPU
		{2AA374CD-926C-42FA-9D2B-B172151D07B4}.DVD-5|Any CPU.Build.0 = Debug|Any CPU
		{2AA374CD-926C-42FA-9D2B-B172151D07B4}.DVD-5|Mixed Platforms.ActiveCfg = Debug|Any CPU
		{2AA374CD-926C-42FA-9D2B-B172151D07B4}.DVD-5|Mixed Platforms.Build.0 = Debug|Any CPU
		{2AA374CD-926C-42FA-9D2B-B172151D07B4}.DVD-5|Win32.ActiveCfg = Debug|Any CPU
		{2AA374CD-926C-42FA-9D2B-B172151D07B4}.Release|Any CPU.ActiveCfg = Release|Any CPU
		{2AA374CD-926C-42FA-9D2B-B172151D07B4}.Release|Any CPU.Build.0 = Release|Any CPU
		{2AA374CD-926C-42FA-9D2B-B172151D07B4}.Release|Mixed Platforms.ActiveCfg = Release|Any CPU
		{2AA374CD-926C-42FA-9D2B-B172151D07B4}.Release|Mixed Platforms.Build.0 = Release|Any CPU
		{2AA374CD-926C-42FA-9D2B-B172151D07B4}.Release|Win32.ActiveCfg = Release|Any CPU
		{2AA374CD-926C-42FA-9D2B-B172151D07B4}.SingleImage|Any CPU.ActiveCfg = Release|Any CPU
		{2AA374CD-926C-42FA-9D2B-B172151D07B4}.SingleImage|Any CPU.Build.0 = Release|Any CPU
		{2AA374CD-926C-42FA-9D2B-B172151D07B4}.SingleImage|Mixed Platforms.ActiveCfg = Debug|Any CPU
		{2AA374CD-926C-42FA-9D2B-B172151D07B4}.SingleImage|Mixed Platforms.Build.0 = Debug|Any CPU
		{2AA374CD-926C-42FA-9D2B-B172151D07B4}.SingleImage|Win32.ActiveCfg = Release|Any CPU
		{D7946CAC-076D-45FB-8AC9-ED029B4CBF20}.CD_ROM|Any CPU.ActiveCfg = Release|Any CPU
		{D7946CAC-076D-45FB-8AC9-ED029B4CBF20}.CD_ROM|Any CPU.Build.0 = Release|Any CPU
		{D7946CAC-076D-45FB-8AC9-ED029B4CBF20}.CD_ROM|Mixed Platforms.ActiveCfg = Release|Any CPU
		{D7946CAC-076D-45FB-8AC9-ED029B4CBF20}.CD_ROM|Mixed Platforms.Build.0 = Release|Any CPU
		{D7946CAC-076D-45FB-8AC9-ED029B4CBF20}.CD_ROM|Win32.ActiveCfg = Release|Any CPU
		{D7946CAC-076D-45FB-8AC9-ED029B4CBF20}.Debug|Any CPU.ActiveCfg = Debug|Any CPU
		{D7946CAC-076D-45FB-8AC9-ED029B4CBF20}.Debug|Any CPU.Build.0 = Debug|Any CPU
		{D7946CAC-076D-45FB-8AC9-ED029B4CBF20}.Debug|Mixed Platforms.ActiveCfg = Debug|Any CPU
		{D7946CAC-076D-45FB-8AC9-ED029B4CBF20}.Debug|Mixed Platforms.Build.0 = Debug|Any CPU
		{D7946CAC-076D-45FB-8AC9-ED029B4CBF20}.Debug|Win32.ActiveCfg = Debug|Any CPU
		{D7946CAC-076D-45FB-8AC9-ED029B4CBF20}.DVD-5|Any CPU.ActiveCfg = Debug|Any CPU
		{D7946CAC-076D-45FB-8AC9-ED029B4CBF20}.DVD-5|Any CPU.Build.0 = Debug|Any CPU
		{D7946CAC-076D-45FB-8AC9-ED029B4CBF20}.DVD-5|Mixed Platforms.ActiveCfg = Debug|Any CPU
		{D7946CAC-076D-45FB-8AC9-ED029B4CBF20}.DVD-5|Mixed Platforms.Build.0 = Debug|Any CPU
		{D7946CAC-076D-45FB-8AC9-ED029B4CBF20}.DVD-5|Win32.ActiveCfg = Debug|Any CPU
		{D7946CAC-076D-45FB-8AC9-ED029B4CBF20}.Release|Any CPU.ActiveCfg = Release|Any CPU
		{D7946CAC-076D-45FB-8AC9-ED029B4CBF20}.Release|Any CPU.Build.0 = Release|Any CPU
		{D7946CAC-076D-45FB-8AC9-ED029B4CBF20}.Release|Mixed Platforms.ActiveCfg = Release|Any CPU
		{D7946CAC-076D-45FB-8AC9-ED029B4CBF20}.Release|Mixed Platforms.Build.0 = Release|Any CPU
		{D7946CAC-076D-45FB-8AC9-ED029B4CBF20}.Release|Win32.ActiveCfg = Release|Any CPU
		{D7946CAC-076D-45FB-8AC9-ED029B4CBF20}.SingleImage|Any CPU.ActiveCfg = Release|Any CPU
		{D7946CAC-076D-45FB-8AC9-ED029B4CBF20}.SingleImage|Any CPU.Build.0 = Release|Any CPU
		{D7946CAC-076D-45FB-8AC9-ED029B4CBF20}.SingleImage|Mixed Platforms.ActiveCfg = Debug|Any CPU
		{D7946CAC-076D-45FB-8AC9-ED029B4CBF20}.SingleImage|Mixed Platforms.Build.0 = Debug|Any CPU
		{D7946CAC-076D-45FB-8AC9-ED029B4CBF20}.SingleImage|Win32.ActiveCfg = Release|Any CPU
		{20D2D5E6-D1F9-49A1-B628-C2605AE1C1E8}.CD_ROM|Any CPU.ActiveCfg = Release|Any CPU
		{20D2D5E6-D1F9-49A1-B628-C2605AE1C1E8}.CD_ROM|Any CPU.Build.0 = Release|Any CPU
		{20D2D5E6-D1F9-49A1-B628-C2605AE1C1E8}.CD_ROM|Mixed Platforms.ActiveCfg = Release|Any CPU
		{20D2D5E6-D1F9-49A1-B628-C2605AE1C1E8}.CD_ROM|Mixed Platforms.Build.0 = Release|Any CPU
		{20D2D5E6-D1F9-49A1-B628-C2605AE1C1E8}.CD_ROM|Win32.ActiveCfg = Release|Any CPU
		{20D2D5E6-D1F9-49A1-B628-C2605AE1C1E8}.Debug|Any CPU.ActiveCfg = Debug|Any CPU
		{20D2D5E6-D1F9-49A1-B628-C2605AE1C1E8}.Debug|Any CPU.Build.0 = Debug|Any CPU
		{20D2D5E6-D1F9-49A1-B628-C2605AE1C1E8}.Debug|Mixed Platforms.ActiveCfg = Debug|Any CPU
		{20D2D5E6-D1F9-49A1-B628-C2605AE1C1E8}.Debug|Mixed Platforms.Build.0 = Debug|Any CPU
		{20D2D5E6-D1F9-49A1-B628-C2605AE1C1E8}.Debug|Win32.ActiveCfg = Debug|Any CPU
		{20D2D5E6-D1F9-49A1-B628-C2605AE1C1E8}.DVD-5|Any CPU.ActiveCfg = Debug|Any CPU
		{20D2D5E6-D1F9-49A1-B628-C2605AE1C1E8}.DVD-5|Any CPU.Build.0 = Debug|Any CPU
		{20D2D5E6-D1F9-49A1-B628-C2605AE1C1E8}.DVD-5|Mixed Platforms.ActiveCfg = Debug|Any CPU
		{20D2D5E6-D1F9-49A1-B628-C2605AE1C1E8}.DVD-5|Mixed Platforms.Build.0 = Debug|Any CPU
		{20D2D5E6-D1F9-49A1-B628-C2605AE1C1E8}.DVD-5|Win32.ActiveCfg = Debug|Any CPU
		{20D2D5E6-D1F9-49A1-B628-C2605AE1C1E8}.Release|Any CPU.ActiveCfg = Release|Any CPU
		{20D2D5E6-D1F9-49A1-B628-C2605AE1C1E8}.Release|Any CPU.Build.0 = Release|Any CPU
		{20D2D5E6-D1F9-49A1-B628-C2605AE1C1E8}.Release|Mixed Platforms.ActiveCfg = Release|Any CPU
		{20D2D5E6-D1F9-49A1-B628-C2605AE1C1E8}.Release|Mixed Platforms.Build.0 = Release|Any CPU
		{20D2D5E6-D1F9-49A1-B628-C2605AE1C1E8}.Release|Win32.ActiveCfg = Release|Any CPU
		{20D2D5E6-D1F9-49A1-B628-C2605AE1C1E8}.SingleImage|Any CPU.ActiveCfg = Release|Any CPU
		{20D2D5E6-D1F9-49A1-B628-C2605AE1C1E8}.SingleImage|Any CPU.Build.0 = Release|Any CPU
		{20D2D5E6-D1F9-49A1-B628-C2605AE1C1E8}.SingleImage|Mixed Platforms.ActiveCfg = Debug|Any CPU
		{20D2D5E6-D1F9-49A1-B628-C2605AE1C1E8}.SingleImage|Mixed Platforms.Build.0 = Debug|Any CPU
		{20D2D5E6-D1F9-49A1-B628-C2605AE1C1E8}.SingleImage|Win32.ActiveCfg = Release|Any CPU
		{3583C7BB-5F37-42B2-B3F1-6481A869DC9D}.CD_ROM|Any CPU.ActiveCfg = Release|Any CPU
		{3583C7BB-5F37-42B2-B3F1-6481A869DC9D}.CD_ROM|Any CPU.Build.0 = Release|Any CPU
		{3583C7BB-5F37-42B2-B3F1-6481A869DC9D}.CD_ROM|Mixed Platforms.ActiveCfg = Release|Any CPU
		{3583C7BB-5F37-42B2-B3F1-6481A869DC9D}.CD_ROM|Mixed Platforms.Build.0 = Release|Any CPU
		{3583C7BB-5F37-42B2-B3F1-6481A869DC9D}.CD_ROM|Win32.ActiveCfg = Release|Any CPU
		{3583C7BB-5F37-42B2-B3F1-6481A869DC9D}.Debug|Any CPU.ActiveCfg = Debug|Any CPU
		{3583C7BB-5F37-42B2-B3F1-6481A869DC9D}.Debug|Any CPU.Build.0 = Debug|Any CPU
		{3583C7BB-5F37-42B2-B3F1-6481A869DC9D}.Debug|Mixed Platforms.ActiveCfg = Debug|Any CPU
		{3583C7BB-5F37-42B2-B3F1-6481A869DC9D}.Debug|Mixed Platforms.Build.0 = Debug|Any CPU
		{3583C7BB-5F37-42B2-B3F1-6481A869DC9D}.Debug|Win32.ActiveCfg = Debug|Any CPU
		{3583C7BB-5F37-42B2-B3F1-6481A869DC9D}.DVD-5|Any CPU.ActiveCfg = Debug|Any CPU
		{3583C7BB-5F37-42B2-B3F1-6481A869DC9D}.DVD-5|Any CPU.Build.0 = Debug|Any CPU
		{3583C7BB-5F37-42B2-B3F1-6481A869DC9D}.DVD-5|Mixed Platforms.ActiveCfg = Debug|Any CPU
		{3583C7BB-5F37-42B2-B3F1-6481A869DC9D}.DVD-5|Mixed Platforms.Build.0 = Debug|Any CPU
		{3583C7BB-5F37-42B2-B3F1-6481A869DC9D}.DVD-5|Win32.ActiveCfg = Debug|Any CPU
		{3583C7BB-5F37-42B2-B3F1-6481A869DC9D}.Release|Any CPU.ActiveCfg = Release|Any CPU
		{3583C7BB-5F37-42B2-B3F1-6481A869DC9D}.Release|Any CPU.Build.0 = Release|Any CPU
		{3583C7BB-5F37-42B2-B3F1-6481A869DC9D}.Release|Mixed Platforms.ActiveCfg = Release|Any CPU
		{3583C7BB-5F37-42B2-B3F1-6481A869DC9D}.Release|Mixed Platforms.Build.0 = Release|Any CPU
		{3583C7BB-5F37-42B2-B3F1-6481A869DC9D}.Release|Win32.ActiveCfg = Release|Any CPU
		{3583C7BB-5F37-42B2-B3F1-6481A869DC9D}.SingleImage|Any CPU.ActiveCfg = Release|Any CPU
		{3583C7BB-5F37-42B2-B3F1-6481A869DC9D}.SingleImage|Any CPU.Build.0 = Release|Any CPU
		{3583C7BB-5F37-42B2-B3F1-6481A869DC9D}.SingleImage|Mixed Platforms.ActiveCfg = Debug|Any CPU
		{3583C7BB-5F37-42B2-B3F1-6481A869DC9D}.SingleImage|Mixed Platforms.Build.0 = Debug|Any CPU
		{3583C7BB-5F37-42B2-B3F1-6481A869DC9D}.SingleImage|Win32.ActiveCfg = Release|Any CPU
		{45424E72-B5C1-4190-896E-BB9DE4675958}.CD_ROM|Any CPU.ActiveCfg = Release|Any CPU
		{45424E72-B5C1-4190-896E-BB9DE4675958}.CD_ROM|Any CPU.Build.0 = Release|Any CPU
		{45424E72-B5C1-4190-896E-BB9DE4675958}.CD_ROM|Mixed Platforms.ActiveCfg = Release|Any CPU
		{45424E72-B5C1-4190-896E-BB9DE4675958}.CD_ROM|Mixed Platforms.Build.0 = Release|Any CPU
		{45424E72-B5C1-4190-896E-BB9DE4675958}.CD_ROM|Win32.ActiveCfg = Release|Any CPU
		{45424E72-B5C1-4190-896E-BB9DE4675958}.Debug|Any CPU.ActiveCfg = Debug|Any CPU
		{45424E72-B5C1-4190-896E-BB9DE4675958}.Debug|Any CPU.Build.0 = Debug|Any CPU
		{45424E72-B5C1-4190-896E-BB9DE4675958}.Debug|Mixed Platforms.ActiveCfg = Debug|Any CPU
		{45424E72-B5C1-4190-896E-BB9DE4675958}.Debug|Mixed Platforms.Build.0 = Debug|Any CPU
		{45424E72-B5C1-4190-896E-BB9DE4675958}.Debug|Win32.ActiveCfg = Debug|Any CPU
		{45424E72-B5C1-4190-896E-BB9DE4675958}.DVD-5|Any CPU.ActiveCfg = Debug|Any CPU
		{45424E72-B5C1-4190-896E-BB9DE4675958}.DVD-5|Any CPU.Build.0 = Debug|Any CPU
		{45424E72-B5C1-4190-896E-BB9DE4675958}.DVD-5|Mixed Platforms.ActiveCfg = Debug|Any CPU
		{45424E72-B5C1-4190-896E-BB9DE4675958}.DVD-5|Mixed Platforms.Build.0 = Debug|Any CPU
		{45424E72-B5C1-4190-896E-BB9DE4675958}.DVD-5|Win32.ActiveCfg = Debug|Any CPU
		{45424E72-B5C1-4190-896E-BB9DE4675958}.Release|Any CPU.ActiveCfg = Release|Any CPU
		{45424E72-B5C1-4190-896E-BB9DE4675958}.Release|Any CPU.Build.0 = Release|Any CPU
		{45424E72-B5C1-4190-896E-BB9DE4675958}.Release|Mixed Platforms.ActiveCfg = Release|Any CPU
		{45424E72-B5C1-4190-896E-BB9DE4675958}.Release|Mixed Platforms.Build.0 = Release|Any CPU
		{45424E72-B5C1-4190-896E-BB9DE4675958}.Release|Win32.ActiveCfg = Release|Any CPU
		{45424E72-B5C1-4190-896E-BB9DE4675958}.SingleImage|Any CPU.ActiveCfg = Release|Any CPU
		{45424E72-B5C1-4190-896E-BB9DE4675958}.SingleImage|Any CPU.Build.0 = Release|Any CPU
		{45424E72-B5C1-4190-896E-BB9DE4675958}.SingleImage|Mixed Platforms.ActiveCfg = Debug|Any CPU
		{45424E72-B5C1-4190-896E-BB9DE4675958}.SingleImage|Mixed Platforms.Build.0 = Debug|Any CPU
		{45424E72-B5C1-4190-896E-BB9DE4675958}.SingleImage|Win32.ActiveCfg = Release|Any CPU
		{5C6F48D8-26C8-40A5-85CB-86C179A403E1}.CD_ROM|Any CPU.ActiveCfg = Release|Any CPU
		{5C6F48D8-26C8-40A5-85CB-86C179A403E1}.CD_ROM|Any CPU.Build.0 = Release|Any CPU
		{5C6F48D8-26C8-40A5-85CB-86C179A403E1}.CD_ROM|Mixed Platforms.ActiveCfg = Release|Any CPU
		{5C6F48D8-26C8-40A5-85CB-86C179A403E1}.CD_ROM|Mixed Platforms.Build.0 = Release|Any CPU
		{5C6F48D8-26C8-40A5-85CB-86C179A403E1}.CD_ROM|Win32.ActiveCfg = Release|Any CPU
		{5C6F48D8-26C8-40A5-85CB-86C179A403E1}.Debug|Any CPU.ActiveCfg = Debug|Any CPU
		{5C6F48D8-26C8-40A5-85CB-86C179A403E1}.Debug|Any CPU.Build.0 = Debug|Any CPU
		{5C6F48D8-26C8-40A5-85CB-86C179A403E1}.Debug|Mixed Platforms.ActiveCfg = Debug|Any CPU
		{5C6F48D8-26C8-40A5-85CB-86C179A403E1}.Debug|Mixed Platforms.Build.0 = Debug|Any CPU
		{5C6F48D8-26C8-40A5-85CB-86C179A403E1}.Debug|Win32.ActiveCfg = Debug|Any CPU
		{5C6F48D8-26C8-40A5-85CB-86C179A403E1}.DVD-5|Any CPU.ActiveCfg = Debug|Any CPU
		{5C6F48D8-26C8-40A5-85CB-86C179A403E1}.DVD-5|Any CPU.Build.0 = Debug|Any CPU
		{5C6F48D8-26C8-40A5-85CB-86C179A403E1}.DVD-5|Mixed Platforms.ActiveCfg = Debug|Any CPU
		{5C6F48D8-26C8-40A5-85CB-86C179A403E1}.DVD-5|Mixed Platforms.Build.0 = Debug|Any CPU
		{5C6F48D8-26C8-40A5-85CB-86C179A403E1}.DVD-5|Win32.ActiveCfg = Debug|Any CPU
		{5C6F48D8-26C8-40A5-85CB-86C179A403E1}.Release|Any CPU.ActiveCfg = Release|Any CPU
		{5C6F48D8-26C8-40A5-85CB-86C179A403E1}.Release|Any CPU.Build.0 = Release|Any CPU
		{5C6F48D8-26C8-40A5-85CB-86C179A403E1}.Release|Mixed Platforms.ActiveCfg = Release|Any CPU
		{5C6F48D8-26C8-40A5-85CB-86C179A403E1}.Release|Mixed Platforms.Build.0 = Release|Any CPU
		{5C6F48D8-26C8-40A5-85CB-86C179A403E1}.Release|Win32.ActiveCfg = Release|Any CPU
		{5C6F48D8-26C8-40A5-85CB-86C179A403E1}.SingleImage|Any CPU.ActiveCfg = Release|Any CPU
		{5C6F48D8-26C8-40A5-85CB-86C179A403E1}.SingleImage|Any CPU.Build.0 = Release|Any CPU
		{5C6F48D8-26C8-40A5-85CB-86C179A403E1}.SingleImage|Mixed Platforms.ActiveCfg = Debug|Any CPU
		{5C6F48D8-26C8-40A5-85CB-86C179A403E1}.SingleImage|Win32.ActiveCfg = Release|Any CPU
		{AC9C8372-69B8-4AA3-9294-EFD7656C3661}.CD_ROM|Any CPU.ActiveCfg = Release|Any CPU
		{AC9C8372-69B8-4AA3-9294-EFD7656C3661}.CD_ROM|Any CPU.Build.0 = Release|Any CPU
		{AC9C8372-69B8-4AA3-9294-EFD7656C3661}.CD_ROM|Mixed Platforms.ActiveCfg = Release|Any CPU
		{AC9C8372-69B8-4AA3-9294-EFD7656C3661}.CD_ROM|Mixed Platforms.Build.0 = Release|Any CPU
		{AC9C8372-69B8-4AA3-9294-EFD7656C3661}.CD_ROM|Win32.ActiveCfg = Release|Any CPU
		{AC9C8372-69B8-4AA3-9294-EFD7656C3661}.Debug|Any CPU.ActiveCfg = Debug|Any CPU
		{AC9C8372-69B8-4AA3-9294-EFD7656C3661}.Debug|Any CPU.Build.0 = Debug|Any CPU
		{AC9C8372-69B8-4AA3-9294-EFD7656C3661}.Debug|Mixed Platforms.ActiveCfg = Debug|Any CPU
		{AC9C8372-69B8-4AA3-9294-EFD7656C3661}.Debug|Mixed Platforms.Build.0 = Debug|Any CPU
		{AC9C8372-69B8-4AA3-9294-EFD7656C3661}.Debug|Win32.ActiveCfg = Debug|Any CPU
		{AC9C8372-69B8-4AA3-9294-EFD7656C3661}.DVD-5|Any CPU.ActiveCfg = Debug|Any CPU
		{AC9C8372-69B8-4AA3-9294-EFD7656C3661}.DVD-5|Any CPU.Build.0 = Debug|Any CPU
		{AC9C8372-69B8-4AA3-9294-EFD7656C3661}.DVD-5|Mixed Platforms.ActiveCfg = Debug|Any CPU
		{AC9C8372-69B8-4AA3-9294-EFD7656C3661}.DVD-5|Mixed Platforms.Build.0 = Debug|Any CPU
		{AC9C8372-69B8-4AA3-9294-EFD7656C3661}.DVD-5|Win32.ActiveCfg = Debug|Any CPU
		{AC9C8372-69B8-4AA3-9294-EFD7656C3661}.Release|Any CPU.ActiveCfg = Release|Any CPU
		{AC9C8372-69B8-4AA3-9294-EFD7656C3661}.Release|Any CPU.Build.0 = Release|Any CPU
		{AC9C8372-69B8-4AA3-9294-EFD7656C3661}.Release|Mixed Platforms.ActiveCfg = Release|Any CPU
		{AC9C8372-69B8-4AA3-9294-EFD7656C3661}.Release|Mixed Platforms.Build.0 = Release|Any CPU
		{AC9C8372-69B8-4AA3-9294-EFD7656C3661}.Release|Win32.ActiveCfg = Release|Any CPU
		{AC9C8372-69B8-4AA3-9294-EFD7656C3661}.SingleImage|Any CPU.ActiveCfg = Release|Any CPU
		{AC9C8372-69B8-4AA3-9294-EFD7656C3661}.SingleImage|Any CPU.Build.0 = Release|Any CPU
		{AC9C8372-69B8-4AA3-9294-EFD7656C3661}.SingleImage|Mixed Platforms.ActiveCfg = Debug|Any CPU
		{AC9C8372-69B8-4AA3-9294-EFD7656C3661}.SingleImage|Mixed Platforms.Build.0 = Debug|Any CPU
		{AC9C8372-69B8-4AA3-9294-EFD7656C3661}.SingleImage|Win32.ActiveCfg = Release|Any CPU
		{4C862BF3-1282-459B-9416-0D04D566F998}.CD_ROM|Any CPU.ActiveCfg = Release|Any CPU
		{4C862BF3-1282-459B-9416-0D04D566F998}.CD_ROM|Any CPU.Build.0 = Release|Any CPU
		{4C862BF3-1282-459B-9416-0D04D566F998}.CD_ROM|Mixed Platforms.ActiveCfg = Release|Any CPU
		{4C862BF3-1282-459B-9416-0D04D566F998}.CD_ROM|Mixed Platforms.Build.0 = Release|Any CPU
		{4C862BF3-1282-459B-9416-0D04D566F998}.CD_ROM|Win32.ActiveCfg = Release|Any CPU
		{4C862BF3-1282-459B-9416-0D04D566F998}.Debug|Any CPU.ActiveCfg = Debug|Any CPU
		{4C862BF3-1282-459B-9416-0D04D566F998}.Debug|Any CPU.Build.0 = Debug|Any CPU
		{4C862BF3-1282-459B-9416-0D04D566F998}.Debug|Mixed Platforms.ActiveCfg = Debug|Any CPU
		{4C862BF3-1282-459B-9416-0D04D566F998}.Debug|Mixed Platforms.Build.0 = Debug|Any CPU
		{4C862BF3-1282-459B-9416-0D04D566F998}.Debug|Win32.ActiveCfg = Debug|Any CPU
		{4C862BF3-1282-459B-9416-0D04D566F998}.DVD-5|Any CPU.ActiveCfg = Debug|Any CPU
		{4C862BF3-1282-459B-9416-0D04D566F998}.DVD-5|Any CPU.Build.0 = Debug|Any CPU
		{4C862BF3-1282-459B-9416-0D04D566F998}.DVD-5|Mixed Platforms.ActiveCfg = Debug|Any CPU
		{4C862BF3-1282-459B-9416-0D04D566F998}.DVD-5|Mixed Platforms.Build.0 = Debug|Any CPU
		{4C862BF3-1282-459B-9416-0D04D566F998}.DVD-5|Win32.ActiveCfg = Debug|Any CPU
		{4C862BF3-1282-459B-9416-0D04D566F998}.Release|Any CPU.ActiveCfg = Release|Any CPU
		{4C862BF3-1282-459B-9416-0D04D566F998}.Release|Any CPU.Build.0 = Release|Any CPU
		{4C862BF3-1282-459B-9416-0D04D566F998}.Release|Mixed Platforms.ActiveCfg = Release|Any CPU
		{4C862BF3-1282-459B-9416-0D04D566F998}.Release|Mixed Platforms.Build.0 = Release|Any CPU
		{4C862BF3-1282-459B-9416-0D04D566F998}.Release|Win32.ActiveCfg = Release|Any CPU
		{4C862BF3-1282-459B-9416-0D04D566F998}.SingleImage|Any CPU.ActiveCfg = Release|Any CPU
		{4C862BF3-1282-459B-9416-0D04D566F998}.SingleImage|Any CPU.Build.0 = Release|Any CPU
		{4C862BF3-1282-459B-9416-0D04D566F998}.SingleImage|Mixed Platforms.ActiveCfg = Debug|Any CPU
		{4C862BF3-1282-459B-9416-0D04D566F998}.SingleImage|Mixed Platforms.Build.0 = Debug|Any CPU
		{4C862BF3-1282-459B-9416-0D04D566F998}.SingleImage|Win32.ActiveCfg = Release|Any CPU
		{DC7D62DC-9BAD-44ED-831D-7AE7CBCFCCA5}.CD_ROM|Any CPU.ActiveCfg = Release|Any CPU
		{DC7D62DC-9BAD-44ED-831D-7AE7CBCFCCA5}.CD_ROM|Any CPU.Build.0 = Release|Any CPU
		{DC7D62DC-9BAD-44ED-831D-7AE7CBCFCCA5}.CD_ROM|Mixed Platforms.ActiveCfg = Release|Any CPU
		{DC7D62DC-9BAD-44ED-831D-7AE7CBCFCCA5}.CD_ROM|Mixed Platforms.Build.0 = Release|Any CPU
		{DC7D62DC-9BAD-44ED-831D-7AE7CBCFCCA5}.CD_ROM|Win32.ActiveCfg = Release|Any CPU
		{DC7D62DC-9BAD-44ED-831D-7AE7CBCFCCA5}.Debug|Any CPU.ActiveCfg = Debug|Any CPU
		{DC7D62DC-9BAD-44ED-831D-7AE7CBCFCCA5}.Debug|Any CPU.Build.0 = Debug|Any CPU
		{DC7D62DC-9BAD-44ED-831D-7AE7CBCFCCA5}.Debug|Mixed Platforms.ActiveCfg = Debug|Any CPU
		{DC7D62DC-9BAD-44ED-831D-7AE7CBCFCCA5}.Debug|Mixed Platforms.Build.0 = Debug|Any CPU
		{DC7D62DC-9BAD-44ED-831D-7AE7CBCFCCA5}.Debug|Win32.ActiveCfg = Debug|Any CPU
		{DC7D62DC-9BAD-44ED-831D-7AE7CBCFCCA5}.DVD-5|Any CPU.ActiveCfg = Debug|Any CPU
		{DC7D62DC-9BAD-44ED-831D-7AE7CBCFCCA5}.DVD-5|Any CPU.Build.0 = Debug|Any CPU
		{DC7D62DC-9BAD-44ED-831D-7AE7CBCFCCA5}.DVD-5|Mixed Platforms.ActiveCfg = Debug|Any CPU
		{DC7D62DC-9BAD-44ED-831D-7AE7CBCFCCA5}.DVD-5|Mixed Platforms.Build.0 = Debug|Any CPU
		{DC7D62DC-9BAD-44ED-831D-7AE7CBCFCCA5}.DVD-5|Win32.ActiveCfg = Debug|Any CPU
		{DC7D62DC-9BAD-44ED-831D-7AE7CBCFCCA5}.Release|Any CPU.ActiveCfg = Release|Any CPU
		{DC7D62DC-9BAD-44ED-831D-7AE7CBCFCCA5}.Release|Any CPU.Build.0 = Release|Any CPU
		{DC7D62DC-9BAD-44ED-831D-7AE7CBCFCCA5}.Release|Mixed Platforms.ActiveCfg = Release|Any CPU
		{DC7D62DC-9BAD-44ED-831D-7AE7CBCFCCA5}.Release|Mixed Platforms.Build.0 = Release|Any CPU
		{DC7D62DC-9BAD-44ED-831D-7AE7CBCFCCA5}.Release|Win32.ActiveCfg = Release|Any CPU
		{DC7D62DC-9BAD-44ED-831D-7AE7CBCFCCA5}.SingleImage|Any CPU.ActiveCfg = Release|Any CPU
		{DC7D62DC-9BAD-44ED-831D-7AE7CBCFCCA5}.SingleImage|Any CPU.Build.0 = Release|Any CPU
		{DC7D62DC-9BAD-44ED-831D-7AE7CBCFCCA5}.SingleImage|Mixed Platforms.ActiveCfg = Debug|Any CPU
		{DC7D62DC-9BAD-44ED-831D-7AE7CBCFCCA5}.SingleImage|Mixed Platforms.Build.0 = Debug|Any CPU
		{DC7D62DC-9BAD-44ED-831D-7AE7CBCFCCA5}.SingleImage|Win32.ActiveCfg = Release|Any CPU
		{21997B72-ADB7-4DE8-B540-4842B2D84027}.CD_ROM|Any CPU.ActiveCfg = Release|Any CPU
		{21997B72-ADB7-4DE8-B540-4842B2D84027}.CD_ROM|Any CPU.Build.0 = Release|Any CPU
		{21997B72-ADB7-4DE8-B540-4842B2D84027}.CD_ROM|Mixed Platforms.ActiveCfg = Release|Any CPU
		{21997B72-ADB7-4DE8-B540-4842B2D84027}.CD_ROM|Mixed Platforms.Build.0 = Release|Any CPU
		{21997B72-ADB7-4DE8-B540-4842B2D84027}.CD_ROM|Win32.ActiveCfg = Release|Any CPU
		{21997B72-ADB7-4DE8-B540-4842B2D84027}.Debug|Any CPU.ActiveCfg = Debug|Any CPU
		{21997B72-ADB7-4DE8-B540-4842B2D84027}.Debug|Any CPU.Build.0 = Debug|Any CPU
		{21997B72-ADB7-4DE8-B540-4842B2D84027}.Debug|Mixed Platforms.ActiveCfg = Debug|Any CPU
		{21997B72-ADB7-4DE8-B540-4842B2D84027}.Debug|Mixed Platforms.Build.0 = Debug|Any CPU
		{21997B72-ADB7-4DE8-B540-4842B2D84027}.Debug|Win32.ActiveCfg = Debug|Any CPU
		{21997B72-ADB7-4DE8-B540-4842B2D84027}.DVD-5|Any CPU.ActiveCfg = Debug|Any CPU
		{21997B72-ADB7-4DE8-B540-4842B2D84027}.DVD-5|Any CPU.Build.0 = Debug|Any CPU
		{21997B72-ADB7-4DE8-B540-4842B2D84027}.DVD-5|Mixed Platforms.ActiveCfg = Debug|Any CPU
		{21997B72-ADB7-4DE8-B540-4842B2D84027}.DVD-5|Mixed Platforms.Build.0 = Debug|Any CPU
		{21997B72-ADB7-4DE8-B540-4842B2D84027}.DVD-5|Win32.ActiveCfg = Debug|Any CPU
		{21997B72-ADB7-4DE8-B540-4842B2D84027}.Release|Any CPU.ActiveCfg = Release|Any CPU
		{21997B72-ADB7-4DE8-B540-4842B2D84027}.Release|Any CPU.Build.0 = Release|Any CPU
		{21997B72-ADB7-4DE8-B540-4842B2D84027}.Release|Mixed Platforms.ActiveCfg = Release|Any CPU
		{21997B72-ADB7-4DE8-B540-4842B2D84027}.Release|Mixed Platforms.Build.0 = Release|Any CPU
		{21997B72-ADB7-4DE8-B540-4842B2D84027}.Release|Win32.ActiveCfg = Release|Any CPU
		{21997B72-ADB7-4DE8-B540-4842B2D84027}.SingleImage|Any CPU.ActiveCfg = Release|Any CPU
		{21997B72-ADB7-4DE8-B540-4842B2D84027}.SingleImage|Any CPU.Build.0 = Release|Any CPU
		{21997B72-ADB7-4DE8-B540-4842B2D84027}.SingleImage|Mixed Platforms.ActiveCfg = Debug|Any CPU
		{21997B72-ADB7-4DE8-B540-4842B2D84027}.SingleImage|Mixed Platforms.Build.0 = Debug|Any CPU
		{21997B72-ADB7-4DE8-B540-4842B2D84027}.SingleImage|Win32.ActiveCfg = Release|Any CPU
		{DF41552D-D7F0-4CE8-ABCF-C701A6B0C620}.CD_ROM|Any CPU.ActiveCfg = Release|Any CPU
		{DF41552D-D7F0-4CE8-ABCF-C701A6B0C620}.CD_ROM|Any CPU.Build.0 = Release|Any CPU
		{DF41552D-D7F0-4CE8-ABCF-C701A6B0C620}.CD_ROM|Mixed Platforms.ActiveCfg = Release|Any CPU
		{DF41552D-D7F0-4CE8-ABCF-C701A6B0C620}.CD_ROM|Mixed Platforms.Build.0 = Release|Any CPU
		{DF41552D-D7F0-4CE8-ABCF-C701A6B0C620}.CD_ROM|Win32.ActiveCfg = Release|Any CPU
		{DF41552D-D7F0-4CE8-ABCF-C701A6B0C620}.Debug|Any CPU.ActiveCfg = Debug|Any CPU
		{DF41552D-D7F0-4CE8-ABCF-C701A6B0C620}.Debug|Any CPU.Build.0 = Debug|Any CPU
		{DF41552D-D7F0-4CE8-ABCF-C701A6B0C620}.Debug|Mixed Platforms.ActiveCfg = Debug|Any CPU
		{DF41552D-D7F0-4CE8-ABCF-C701A6B0C620}.Debug|Mixed Platforms.Build.0 = Debug|Any CPU
		{DF41552D-D7F0-4CE8-ABCF-C701A6B0C620}.Debug|Win32.ActiveCfg = Debug|Any CPU
		{DF41552D-D7F0-4CE8-ABCF-C701A6B0C620}.DVD-5|Any CPU.ActiveCfg = Debug|Any CPU
		{DF41552D-D7F0-4CE8-ABCF-C701A6B0C620}.DVD-5|Any CPU.Build.0 = Debug|Any CPU
		{DF41552D-D7F0-4CE8-ABCF-C701A6B0C620}.DVD-5|Mixed Platforms.ActiveCfg = Debug|Any CPU
		{DF41552D-D7F0-4CE8-ABCF-C701A6B0C620}.DVD-5|Mixed Platforms.Build.0 = Debug|Any CPU
		{DF41552D-D7F0-4CE8-ABCF-C701A6B0C620}.DVD-5|Win32.ActiveCfg = Debug|Any CPU
		{DF41552D-D7F0-4CE8-ABCF-C701A6B0C620}.Release|Any CPU.ActiveCfg = Release|Any CPU
		{DF41552D-D7F0-4CE8-ABCF-C701A6B0C620}.Release|Any CPU.Build.0 = Release|Any CPU
		{DF41552D-D7F0-4CE8-ABCF-C701A6B0C620}.Release|Mixed Platforms.ActiveCfg = Release|Any CPU
		{DF41552D-D7F0-4CE8-ABCF-C701A6B0C620}.Release|Mixed Platforms.Build.0 = Release|Any CPU
		{DF41552D-D7F0-4CE8-ABCF-C701A6B0C620}.Release|Win32.ActiveCfg = Release|Any CPU
		{DF41552D-D7F0-4CE8-ABCF-C701A6B0C620}.SingleImage|Any CPU.ActiveCfg = Release|Any CPU
		{DF41552D-D7F0-4CE8-ABCF-C701A6B0C620}.SingleImage|Any CPU.Build.0 = Release|Any CPU
		{DF41552D-D7F0-4CE8-ABCF-C701A6B0C620}.SingleImage|Mixed Platforms.ActiveCfg = Debug|Any CPU
		{DF41552D-D7F0-4CE8-ABCF-C701A6B0C620}.SingleImage|Mixed Platforms.Build.0 = Debug|Any CPU
		{DF41552D-D7F0-4CE8-ABCF-C701A6B0C620}.SingleImage|Win32.ActiveCfg = Release|Any CPU
		{5F96ED54-716A-4963-B7F3-F2867F3BF8EF}.CD_ROM|Any CPU.ActiveCfg = Release|Any CPU
		{5F96ED54-716A-4963-B7F3-F2867F3BF8EF}.CD_ROM|Any CPU.Build.0 = Release|Any CPU
		{5F96ED54-716A-4963-B7F3-F2867F3BF8EF}.CD_ROM|Mixed Platforms.ActiveCfg = Release|Any CPU
		{5F96ED54-716A-4963-B7F3-F2867F3BF8EF}.CD_ROM|Mixed Platforms.Build.0 = Release|Any CPU
		{5F96ED54-716A-4963-B7F3-F2867F3BF8EF}.CD_ROM|Win32.ActiveCfg = Release|Any CPU
		{5F96ED54-716A-4963-B7F3-F2867F3BF8EF}.Debug|Any CPU.ActiveCfg = Debug|Any CPU
		{5F96ED54-716A-4963-B7F3-F2867F3BF8EF}.Debug|Any CPU.Build.0 = Debug|Any CPU
		{5F96ED54-716A-4963-B7F3-F2867F3BF8EF}.Debug|Mixed Platforms.ActiveCfg = Debug|Any CPU
		{5F96ED54-716A-4963-B7F3-F2867F3BF8EF}.Debug|Mixed Platforms.Build.0 = Debug|Any CPU
		{5F96ED54-716A-4963-B7F3-F2867F3BF8EF}.Debug|Win32.ActiveCfg = Debug|Any CPU
		{5F96ED54-716A-4963-B7F3-F2867F3BF8EF}.DVD-5|Any CPU.ActiveCfg = Debug|Any CPU
		{5F96ED54-716A-4963-B7F3-F2867F3BF8EF}.DVD-5|Any CPU.Build.0 = Debug|Any CPU
		{5F96ED54-716A-4963-B7F3-F2867F3BF8EF}.DVD-5|Mixed Platforms.ActiveCfg = Debug|Any CPU
		{5F96ED54-716A-4963-B7F3-F2867F3BF8EF}.DVD-5|Mixed Platforms.Build.0 = Debug|Any CPU
		{5F96ED54-716A-4963-B7F3-F2867F3BF8EF}.DVD-5|Win32.ActiveCfg = Debug|Any CPU
		{5F96ED54-716A-4963-B7F3-F2867F3BF8EF}.Release|Any CPU.ActiveCfg = Release|Any CPU
		{5F96ED54-716A-4963-B7F3-F2867F3BF8EF}.Release|Any CPU.Build.0 = Release|Any CPU
		{5F96ED54-716A-4963-B7F3-F2867F3BF8EF}.Release|Mixed Platforms.ActiveCfg = Release|Any CPU
		{5F96ED54-716A-4963-B7F3-F2867F3BF8EF}.Release|Mixed Platforms.Build.0 = Release|Any CPU
		{5F96ED54-716A-4963-B7F3-F2867F3BF8EF}.Release|Win32.ActiveCfg = Release|Any CPU
		{5F96ED54-716A-4963-B7F3-F2867F3BF8EF}.SingleImage|Any CPU.ActiveCfg = Release|Any CPU
		{5F96ED54-716A-4963-B7F3-F2867F3BF8EF}.SingleImage|Any CPU.Build.0 = Release|Any CPU
		{5F96ED54-716A-4963-B7F3-F2867F3BF8EF}.SingleImage|Mixed Platforms.ActiveCfg = Debug|Any CPU
		{5F96ED54-716A-4963-B7F3-F2867F3BF8EF}.SingleImage|Mixed Platforms.Build.0 = Debug|Any CPU
		{5F96ED54-716A-4963-B7F3-F2867F3BF8EF}.SingleImage|Win32.ActiveCfg = Release|Any CPU
		{5618710C-9D78-4D72-B931-35F006856566}.CD_ROM|Any CPU.ActiveCfg = Release|Any CPU
		{5618710C-9D78-4D72-B931-35F006856566}.CD_ROM|Any CPU.Build.0 = Release|Any CPU
		{5618710C-9D78-4D72-B931-35F006856566}.CD_ROM|Mixed Platforms.ActiveCfg = Release|Any CPU
		{5618710C-9D78-4D72-B931-35F006856566}.CD_ROM|Mixed Platforms.Build.0 = Release|Any CPU
		{5618710C-9D78-4D72-B931-35F006856566}.CD_ROM|Win32.ActiveCfg = Release|Any CPU
		{5618710C-9D78-4D72-B931-35F006856566}.Debug|Any CPU.ActiveCfg = Debug|Any CPU
		{5618710C-9D78-4D72-B931-35F006856566}.Debug|Any CPU.Build.0 = Debug|Any CPU
		{5618710C-9D78-4D72-B931-35F006856566}.Debug|Mixed Platforms.ActiveCfg = Debug|Any CPU
		{5618710C-9D78-4D72-B931-35F006856566}.Debug|Mixed Platforms.Build.0 = Debug|Any CPU
		{5618710C-9D78-4D72-B931-35F006856566}.Debug|Win32.ActiveCfg = Debug|Any CPU
		{5618710C-9D78-4D72-B931-35F006856566}.DVD-5|Any CPU.ActiveCfg = Debug|Any CPU
		{5618710C-9D78-4D72-B931-35F006856566}.DVD-5|Any CPU.Build.0 = Debug|Any CPU
		{5618710C-9D78-4D72-B931-35F006856566}.DVD-5|Mixed Platforms.ActiveCfg = Debug|Any CPU
		{5618710C-9D78-4D72-B931-35F006856566}.DVD-5|Mixed Platforms.Build.0 = Debug|Any CPU
		{5618710C-9D78-4D72-B931-35F006856566}.DVD-5|Win32.ActiveCfg = Debug|Any CPU
		{5618710C-9D78-4D72-B931-35F006856566}.Release|Any CPU.ActiveCfg = Release|Any CPU
		{5618710C-9D78-4D72-B931-35F006856566}.Release|Any CPU.Build.0 = Release|Any CPU
		{5618710C-9D78-4D72-B931-35F006856566}.Release|Mixed Platforms.ActiveCfg = Release|Any CPU
		{5618710C-9D78-4D72-B931-35F006856566}.Release|Mixed Platforms.Build.0 = Release|Any CPU
		{5618710C-9D78-4D72-B931-35F006856566}.Release|Win32.ActiveCfg = Release|Any CPU
		{5618710C-9D78-4D72-B931-35F006856566}.SingleImage|Any CPU.ActiveCfg = Release|Any CPU
		{5618710C-9D78-4D72-B931-35F006856566}.SingleImage|Any CPU.Build.0 = Release|Any CPU
		{5618710C-9D78-4D72-B931-35F006856566}.SingleImage|Mixed Platforms.ActiveCfg = Debug|Any CPU
		{5618710C-9D78-4D72-B931-35F006856566}.SingleImage|Mixed Platforms.Build.0 = Debug|Any CPU
		{5618710C-9D78-4D72-B931-35F006856566}.SingleImage|Win32.ActiveCfg = Release|Any CPU
		{16D8683E-15ED-4770-8F6C-548D89055377}.CD_ROM|Any CPU.ActiveCfg = Release|Any CPU
		{16D8683E-15ED-4770-8F6C-548D89055377}.CD_ROM|Any CPU.Build.0 = Release|Any CPU
		{16D8683E-15ED-4770-8F6C-548D89055377}.CD_ROM|Mixed Platforms.ActiveCfg = Release|Any CPU
		{16D8683E-15ED-4770-8F6C-548D89055377}.CD_ROM|Mixed Platforms.Build.0 = Release|Any CPU
		{16D8683E-15ED-4770-8F6C-548D89055377}.CD_ROM|Win32.ActiveCfg = Release|Any CPU
		{16D8683E-15ED-4770-8F6C-548D89055377}.Debug|Any CPU.ActiveCfg = Debug|Any CPU
		{16D8683E-15ED-4770-8F6C-548D89055377}.Debug|Any CPU.Build.0 = Debug|Any CPU
		{16D8683E-15ED-4770-8F6C-548D89055377}.Debug|Mixed Platforms.ActiveCfg = Debug|Any CPU
		{16D8683E-15ED-4770-8F6C-548D89055377}.Debug|Mixed Platforms.Build.0 = Debug|Any CPU
		{16D8683E-15ED-4770-8F6C-548D89055377}.Debug|Win32.ActiveCfg = Debug|Any CPU
		{16D8683E-15ED-4770-8F6C-548D89055377}.DVD-5|Any CPU.ActiveCfg = Debug|Any CPU
		{16D8683E-15ED-4770-8F6C-548D89055377}.DVD-5|Any CPU.Build.0 = Debug|Any CPU
		{16D8683E-15ED-4770-8F6C-548D89055377}.DVD-5|Mixed Platforms.ActiveCfg = Debug|Any CPU
		{16D8683E-15ED-4770-8F6C-548D89055377}.DVD-5|Mixed Platforms.Build.0 = Debug|Any CPU
		{16D8683E-15ED-4770-8F6C-548D89055377}.DVD-5|Win32.ActiveCfg = Debug|Any CPU
		{16D8683E-15ED-4770-8F6C-548D89055377}.Release|Any CPU.ActiveCfg = Release|Any CPU
		{16D8683E-15ED-4770-8F6C-548D89055377}.Release|Any CPU.Build.0 = Release|Any CPU
		{16D8683E-15ED-4770-8F6C-548D89055377}.Release|Mixed Platforms.ActiveCfg = Release|Any CPU
		{16D8683E-15ED-4770-8F6C-548D89055377}.Release|Mixed Platforms.Build.0 = Release|Any CPU
		{16D8683E-15ED-4770-8F6C-548D89055377}.Release|Win32.ActiveCfg = Release|Any CPU
		{16D8683E-15ED-4770-8F6C-548D89055377}.SingleImage|Any CPU.ActiveCfg = Release|Any CPU
		{16D8683E-15ED-4770-8F6C-548D89055377}.SingleImage|Any CPU.Build.0 = Release|Any CPU
		{16D8683E-15ED-4770-8F6C-548D89055377}.SingleImage|Mixed Platforms.ActiveCfg = Debug|Any CPU
		{16D8683E-15ED-4770-8F6C-548D89055377}.SingleImage|Mixed Platforms.Build.0 = Debug|Any CPU
		{16D8683E-15ED-4770-8F6C-548D89055377}.SingleImage|Win32.ActiveCfg = Release|Any CPU
		{EA134C28-C6E3-4844-9515-40417FBF6A45}.CD_ROM|Any CPU.ActiveCfg = Release|Any CPU
		{EA134C28-C6E3-4844-9515-40417FBF6A45}.CD_ROM|Any CPU.Build.0 = Release|Any CPU
		{EA134C28-C6E3-4844-9515-40417FBF6A45}.CD_ROM|Mixed Platforms.ActiveCfg = Release|Any CPU
		{EA134C28-C6E3-4844-9515-40417FBF6A45}.CD_ROM|Mixed Platforms.Build.0 = Release|Any CPU
		{EA134C28-C6E3-4844-9515-40417FBF6A45}.CD_ROM|Win32.ActiveCfg = Release|Any CPU
		{EA134C28-C6E3-4844-9515-40417FBF6A45}.Debug|Any CPU.ActiveCfg = Debug|Any CPU
		{EA134C28-C6E3-4844-9515-40417FBF6A45}.Debug|Any CPU.Build.0 = Debug|Any CPU
		{EA134C28-C6E3-4844-9515-40417FBF6A45}.Debug|Mixed Platforms.ActiveCfg = Debug|Any CPU
		{EA134C28-C6E3-4844-9515-40417FBF6A45}.Debug|Mixed Platforms.Build.0 = Debug|Any CPU
		{EA134C28-C6E3-4844-9515-40417FBF6A45}.Debug|Win32.ActiveCfg = Debug|Any CPU
		{EA134C28-C6E3-4844-9515-40417FBF6A45}.DVD-5|Any CPU.ActiveCfg = Debug|Any CPU
		{EA134C28-C6E3-4844-9515-40417FBF6A45}.DVD-5|Any CPU.Build.0 = Debug|Any CPU
		{EA134C28-C6E3-4844-9515-40417FBF6A45}.DVD-5|Mixed Platforms.ActiveCfg = Debug|Any CPU
		{EA134C28-C6E3-4844-9515-40417FBF6A45}.DVD-5|Mixed Platforms.Build.0 = Debug|Any CPU
		{EA134C28-C6E3-4844-9515-40417FBF6A45}.DVD-5|Win32.ActiveCfg = Debug|Any CPU
		{EA134C28-C6E3-4844-9515-40417FBF6A45}.Release|Any CPU.ActiveCfg = Release|Any CPU
		{EA134C28-C6E3-4844-9515-40417FBF6A45}.Release|Any CPU.Build.0 = Release|Any CPU
		{EA134C28-C6E3-4844-9515-40417FBF6A45}.Release|Mixed Platforms.ActiveCfg = Release|Any CPU
		{EA134C28-C6E3-4844-9515-40417FBF6A45}.Release|Mixed Platforms.Build.0 = Release|Any CPU
		{EA134C28-C6E3-4844-9515-40417FBF6A45}.Release|Win32.ActiveCfg = Release|Any CPU
		{EA134C28-C6E3-4844-9515-40417FBF6A45}.SingleImage|Any CPU.ActiveCfg = Release|Any CPU
		{EA134C28-C6E3-4844-9515-40417FBF6A45}.SingleImage|Any CPU.Build.0 = Release|Any CPU
		{EA134C28-C6E3-4844-9515-40417FBF6A45}.SingleImage|Mixed Platforms.ActiveCfg = Debug|Any CPU
		{EA134C28-C6E3-4844-9515-40417FBF6A45}.SingleImage|Mixed Platforms.Build.0 = Debug|Any CPU
		{EA134C28-C6E3-4844-9515-40417FBF6A45}.SingleImage|Win32.ActiveCfg = Release|Any CPU
		{A292F920-6D85-4113-BC9B-4127D40D6CB2}.CD_ROM|Any CPU.ActiveCfg = Release|Any CPU
		{A292F920-6D85-4113-BC9B-4127D40D6CB2}.CD_ROM|Any CPU.Build.0 = Release|Any CPU
		{A292F920-6D85-4113-BC9B-4127D40D6CB2}.CD_ROM|Mixed Platforms.ActiveCfg = Release|Any CPU
		{A292F920-6D85-4113-BC9B-4127D40D6CB2}.CD_ROM|Mixed Platforms.Build.0 = Release|Any CPU
		{A292F920-6D85-4113-BC9B-4127D40D6CB2}.CD_ROM|Win32.ActiveCfg = Release|Any CPU
		{A292F920-6D85-4113-BC9B-4127D40D6CB2}.Debug|Any CPU.ActiveCfg = Debug|Any CPU
		{A292F920-6D85-4113-BC9B-4127D40D6CB2}.Debug|Any CPU.Build.0 = Debug|Any CPU
		{A292F920-6D85-4113-BC9B-4127D40D6CB2}.Debug|Mixed Platforms.ActiveCfg = Debug|Any CPU
		{A292F920-6D85-4113-BC9B-4127D40D6CB2}.Debug|Mixed Platforms.Build.0 = Debug|Any CPU
		{A292F920-6D85-4113-BC9B-4127D40D6CB2}.Debug|Win32.ActiveCfg = Debug|Any CPU
		{A292F920-6D85-4113-BC9B-4127D40D6CB2}.DVD-5|Any CPU.ActiveCfg = Debug|Any CPU
		{A292F920-6D85-4113-BC9B-4127D40D6CB2}.DVD-5|Any CPU.Build.0 = Debug|Any CPU
		{A292F920-6D85-4113-BC9B-4127D40D6CB2}.DVD-5|Mixed Platforms.ActiveCfg = Debug|Any CPU
		{A292F920-6D85-4113-BC9B-4127D40D6CB2}.DVD-5|Mixed Platforms.Build.0 = Debug|Any CPU
		{A292F920-6D85-4113-BC9B-4127D40D6CB2}.DVD-5|Win32.ActiveCfg = Debug|Any CPU
		{A292F920-6D85-4113-BC9B-4127D40D6CB2}.Release|Any CPU.ActiveCfg = Release|Any CPU
		{A292F920-6D85-4113-BC9B-4127D40D6CB2}.Release|Any CPU.Build.0 = Release|Any CPU
		{A292F920-6D85-4113-BC9B-4127D40D6CB2}.Release|Mixed Platforms.ActiveCfg = Release|Any CPU
		{A292F920-6D85-4113-BC9B-4127D40D6CB2}.Release|Mixed Platforms.Build.0 = Release|Any CPU
		{A292F920-6D85-4113-BC9B-4127D40D6CB2}.Release|Win32.ActiveCfg = Release|Any CPU
		{A292F920-6D85-4113-BC9B-4127D40D6CB2}.SingleImage|Any CPU.ActiveCfg = Release|Any CPU
		{A292F920-6D85-4113-BC9B-4127D40D6CB2}.SingleImage|Any CPU.Build.0 = Release|Any CPU
		{A292F920-6D85-4113-BC9B-4127D40D6CB2}.SingleImage|Mixed Platforms.ActiveCfg = Debug|Any CPU
		{A292F920-6D85-4113-BC9B-4127D40D6CB2}.SingleImage|Mixed Platforms.Build.0 = Debug|Any CPU
		{A292F920-6D85-4113-BC9B-4127D40D6CB2}.SingleImage|Win32.ActiveCfg = Release|Any CPU
		{26D7E496-986C-479C-B0EC-FA8A784C79D9}.CD_ROM|Any CPU.ActiveCfg = Release|Any CPU
		{26D7E496-986C-479C-B0EC-FA8A784C79D9}.CD_ROM|Any CPU.Build.0 = Release|Any CPU
		{26D7E496-986C-479C-B0EC-FA8A784C79D9}.CD_ROM|Mixed Platforms.ActiveCfg = Release|Any CPU
		{26D7E496-986C-479C-B0EC-FA8A784C79D9}.CD_ROM|Mixed Platforms.Build.0 = Release|Any CPU
		{26D7E496-986C-479C-B0EC-FA8A784C79D9}.CD_ROM|Win32.ActiveCfg = Release|Any CPU
		{26D7E496-986C-479C-B0EC-FA8A784C79D9}.Debug|Any CPU.ActiveCfg = Debug|Any CPU
		{26D7E496-986C-479C-B0EC-FA8A784C79D9}.Debug|Any CPU.Build.0 = Debug|Any CPU
		{26D7E496-986C-479C-B0EC-FA8A784C79D9}.Debug|Mixed Platforms.ActiveCfg = Debug|Any CPU
		{26D7E496-986C-479C-B0EC-FA8A784C79D9}.Debug|Mixed Platforms.Build.0 = Debug|Any CPU
		{26D7E496-986C-479C-B0EC-FA8A784C79D9}.Debug|Win32.ActiveCfg = Debug|Any CPU
		{26D7E496-986C-479C-B0EC-FA8A784C79D9}.DVD-5|Any CPU.ActiveCfg = Debug|Any CPU
		{26D7E496-986C-479C-B0EC-FA8A784C79D9}.DVD-5|Any CPU.Build.0 = Debug|Any CPU
		{26D7E496-986C-479C-B0EC-FA8A784C79D9}.DVD-5|Mixed Platforms.ActiveCfg = Debug|Any CPU
		{26D7E496-986C-479C-B0EC-FA8A784C79D9}.DVD-5|Mixed Platforms.Build.0 = Debug|Any CPU
		{26D7E496-986C-479C-B0EC-FA8A784C79D9}.DVD-5|Win32.ActiveCfg = Debug|Any CPU
		{26D7E496-986C-479C-B0EC-FA8A784C79D9}.Release|Any CPU.ActiveCfg = Release|Any CPU
		{26D7E496-986C-479C-B0EC-FA8A784C79D9}.Release|Any CPU.Build.0 = Release|Any CPU
		{26D7E496-986C-479C-B0EC-FA8A784C79D9}.Release|Mixed Platforms.ActiveCfg = Release|Any CPU
		{26D7E496-986C-479C-B0EC-FA8A784C79D9}.Release|Mixed Platforms.Build.0 = Release|Any CPU
		{26D7E496-986C-479C-B0EC-FA8A784C79D9}.Release|Win32.ActiveCfg = Release|Any CPU
		{26D7E496-986C-479C-B0EC-FA8A784C79D9}.SingleImage|Any CPU.ActiveCfg = Release|Any CPU
		{26D7E496-986C-479C-B0EC-FA8A784C79D9}.SingleImage|Any CPU.Build.0 = Release|Any CPU
		{26D7E496-986C-479C-B0EC-FA8A784C79D9}.SingleImage|Mixed Platforms.ActiveCfg = Release|Any CPU
		{26D7E496-986C-479C-B0EC-FA8A784C79D9}.SingleImage|Mixed Platforms.Build.0 = Release|Any CPU
		{26D7E496-986C-479C-B0EC-FA8A784C79D9}.SingleImage|Win32.ActiveCfg = Release|Any CPU
		{77B2F252-4034-49C8-A46F-606BE9FABB3E}.CD_ROM|Any CPU.ActiveCfg = Release|Any CPU
		{77B2F252-4034-49C8-A46F-606BE9FABB3E}.CD_ROM|Any CPU.Build.0 = Release|Any CPU
		{77B2F252-4034-49C8-A46F-606BE9FABB3E}.CD_ROM|Mixed Platforms.ActiveCfg = Release|Any CPU
		{77B2F252-4034-49C8-A46F-606BE9FABB3E}.CD_ROM|Mixed Platforms.Build.0 = Release|Any CPU
		{77B2F252-4034-49C8-A46F-606BE9FABB3E}.CD_ROM|Win32.ActiveCfg = Release|Any CPU
		{77B2F252-4034-49C8-A46F-606BE9FABB3E}.Debug|Any CPU.ActiveCfg = Debug|Any CPU
		{77B2F252-4034-49C8-A46F-606BE9FABB3E}.Debug|Any CPU.Build.0 = Debug|Any CPU
		{77B2F252-4034-49C8-A46F-606BE9FABB3E}.Debug|Mixed Platforms.ActiveCfg = Debug|Any CPU
		{77B2F252-4034-49C8-A46F-606BE9FABB3E}.Debug|Mixed Platforms.Build.0 = Debug|Any CPU
		{77B2F252-4034-49C8-A46F-606BE9FABB3E}.Debug|Win32.ActiveCfg = Debug|Any CPU
		{77B2F252-4034-49C8-A46F-606BE9FABB3E}.DVD-5|Any CPU.ActiveCfg = Debug|Any CPU
		{77B2F252-4034-49C8-A46F-606BE9FABB3E}.DVD-5|Any CPU.Build.0 = Debug|Any CPU
		{77B2F252-4034-49C8-A46F-606BE9FABB3E}.DVD-5|Mixed Platforms.ActiveCfg = Debug|Any CPU
		{77B2F252-4034-49C8-A46F-606BE9FABB3E}.DVD-5|Mixed Platforms.Build.0 = Debug|Any CPU
		{77B2F252-4034-49C8-A46F-606BE9FABB3E}.DVD-5|Win32.ActiveCfg = Debug|Any CPU
		{77B2F252-4034-49C8-A46F-606BE9FABB3E}.Release|Any CPU.ActiveCfg = Release|Any CPU
		{77B2F252-4034-49C8-A46F-606BE9FABB3E}.Release|Any CPU.Build.0 = Release|Any CPU
		{77B2F252-4034-49C8-A46F-606BE9FABB3E}.Release|Mixed Platforms.ActiveCfg = Release|Any CPU
		{77B2F252-4034-49C8-A46F-606BE9FABB3E}.Release|Mixed Platforms.Build.0 = Release|Any CPU
		{77B2F252-4034-49C8-A46F-606BE9FABB3E}.Release|Win32.ActiveCfg = Release|Any CPU
		{77B2F252-4034-49C8-A46F-606BE9FABB3E}.SingleImage|Any CPU.ActiveCfg = Release|Any CPU
		{77B2F252-4034-49C8-A46F-606BE9FABB3E}.SingleImage|Any CPU.Build.0 = Release|Any CPU
		{77B2F252-4034-49C8-A46F-606BE9FABB3E}.SingleImage|Mixed Platforms.ActiveCfg = Release|Any CPU
		{77B2F252-4034-49C8-A46F-606BE9FABB3E}.SingleImage|Mixed Platforms.Build.0 = Release|Any CPU
		{77B2F252-4034-49C8-A46F-606BE9FABB3E}.SingleImage|Win32.ActiveCfg = Release|Any CPU
		{2210F1C7-64CF-44A6-A8C9-A512E765EB63}.CD_ROM|Any CPU.ActiveCfg = Release|Any CPU
		{2210F1C7-64CF-44A6-A8C9-A512E765EB63}.CD_ROM|Any CPU.Build.0 = Release|Any CPU
		{2210F1C7-64CF-44A6-A8C9-A512E765EB63}.CD_ROM|Mixed Platforms.ActiveCfg = Release|Any CPU
		{2210F1C7-64CF-44A6-A8C9-A512E765EB63}.CD_ROM|Mixed Platforms.Build.0 = Release|Any CPU
		{2210F1C7-64CF-44A6-A8C9-A512E765EB63}.CD_ROM|Win32.ActiveCfg = Release|Any CPU
		{2210F1C7-64CF-44A6-A8C9-A512E765EB63}.Debug|Any CPU.ActiveCfg = Debug|Any CPU
		{2210F1C7-64CF-44A6-A8C9-A512E765EB63}.Debug|Any CPU.Build.0 = Debug|Any CPU
		{2210F1C7-64CF-44A6-A8C9-A512E765EB63}.Debug|Mixed Platforms.ActiveCfg = Debug|Any CPU
		{2210F1C7-64CF-44A6-A8C9-A512E765EB63}.Debug|Mixed Platforms.Build.0 = Debug|Any CPU
		{2210F1C7-64CF-44A6-A8C9-A512E765EB63}.Debug|Win32.ActiveCfg = Debug|Any CPU
		{2210F1C7-64CF-44A6-A8C9-A512E765EB63}.DVD-5|Any CPU.ActiveCfg = Debug|Any CPU
		{2210F1C7-64CF-44A6-A8C9-A512E765EB63}.DVD-5|Any CPU.Build.0 = Debug|Any CPU
		{2210F1C7-64CF-44A6-A8C9-A512E765EB63}.DVD-5|Mixed Platforms.ActiveCfg = Debug|Any CPU
		{2210F1C7-64CF-44A6-A8C9-A512E765EB63}.DVD-5|Mixed Platforms.Build.0 = Debug|Any CPU
		{2210F1C7-64CF-44A6-A8C9-A512E765EB63}.DVD-5|Win32.ActiveCfg = Debug|Any CPU
		{2210F1C7-64CF-44A6-A8C9-A512E765EB63}.Release|Any CPU.ActiveCfg = Release|Any CPU
		{2210F1C7-64CF-44A6-A8C9-A512E765EB63}.Release|Any CPU.Build.0 = Release|Any CPU
		{2210F1C7-64CF-44A6-A8C9-A512E765EB63}.Release|Mixed Platforms.ActiveCfg = Release|Any CPU
		{2210F1C7-64CF-44A6-A8C9-A512E765EB63}.Release|Mixed Platforms.Build.0 = Release|Any CPU
		{2210F1C7-64CF-44A6-A8C9-A512E765EB63}.Release|Win32.ActiveCfg = Release|Any CPU
		{2210F1C7-64CF-44A6-A8C9-A512E765EB63}.SingleImage|Any CPU.ActiveCfg = Release|Any CPU
		{2210F1C7-64CF-44A6-A8C9-A512E765EB63}.SingleImage|Any CPU.Build.0 = Release|Any CPU
		{2210F1C7-64CF-44A6-A8C9-A512E765EB63}.SingleImage|Mixed Platforms.ActiveCfg = Release|Any CPU
		{2210F1C7-64CF-44A6-A8C9-A512E765EB63}.SingleImage|Mixed Platforms.Build.0 = Release|Any CPU
		{2210F1C7-64CF-44A6-A8C9-A512E765EB63}.SingleImage|Win32.ActiveCfg = Release|Any CPU
		{A7C9A24D-E19B-42F5-A298-805A489334EF}.CD_ROM|Any CPU.ActiveCfg = Release|Any CPU
		{A7C9A24D-E19B-42F5-A298-805A489334EF}.CD_ROM|Any CPU.Build.0 = Release|Any CPU
		{A7C9A24D-E19B-42F5-A298-805A489334EF}.CD_ROM|Mixed Platforms.ActiveCfg = Release|Any CPU
		{A7C9A24D-E19B-42F5-A298-805A489334EF}.CD_ROM|Mixed Platforms.Build.0 = Release|Any CPU
		{A7C9A24D-E19B-42F5-A298-805A489334EF}.CD_ROM|Win32.ActiveCfg = Release|Any CPU
		{A7C9A24D-E19B-42F5-A298-805A489334EF}.Debug|Any CPU.ActiveCfg = Debug|Any CPU
		{A7C9A24D-E19B-42F5-A298-805A489334EF}.Debug|Any CPU.Build.0 = Debug|Any CPU
		{A7C9A24D-E19B-42F5-A298-805A489334EF}.Debug|Mixed Platforms.ActiveCfg = Debug|Any CPU
		{A7C9A24D-E19B-42F5-A298-805A489334EF}.Debug|Mixed Platforms.Build.0 = Debug|Any CPU
		{A7C9A24D-E19B-42F5-A298-805A489334EF}.Debug|Win32.ActiveCfg = Debug|Any CPU
		{A7C9A24D-E19B-42F5-A298-805A489334EF}.DVD-5|Any CPU.ActiveCfg = Debug|Any CPU
		{A7C9A24D-E19B-42F5-A298-805A489334EF}.DVD-5|Any CPU.Build.0 = Debug|Any CPU
		{A7C9A24D-E19B-42F5-A298-805A489334EF}.DVD-5|Mixed Platforms.ActiveCfg = Debug|Any CPU
		{A7C9A24D-E19B-42F5-A298-805A489334EF}.DVD-5|Mixed Platforms.Build.0 = Debug|Any CPU
		{A7C9A24D-E19B-42F5-A298-805A489334EF}.DVD-5|Win32.ActiveCfg = Debug|Any CPU
		{A7C9A24D-E19B-42F5-A298-805A489334EF}.Release|Any CPU.ActiveCfg = Release|Any CPU
		{A7C9A24D-E19B-42F5-A298-805A489334EF}.Release|Any CPU.Build.0 = Release|Any CPU
		{A7C9A24D-E19B-42F5-A298-805A489334EF}.Release|Mixed Platforms.ActiveCfg = Release|Any CPU
		{A7C9A24D-E19B-42F5-A298-805A489334EF}.Release|Mixed Platforms.Build.0 = Release|Any CPU
		{A7C9A24D-E19B-42F5-A298-805A489334EF}.Release|Win32.ActiveCfg = Release|Any CPU
		{A7C9A24D-E19B-42F5-A298-805A489334EF}.SingleImage|Any CPU.ActiveCfg = Release|Any CPU
		{A7C9A24D-E19B-42F5-A298-805A489334EF}.SingleImage|Any CPU.Build.0 = Release|Any CPU
		{A7C9A24D-E19B-42F5-A298-805A489334EF}.SingleImage|Mixed Platforms.ActiveCfg = Release|Any CPU
		{A7C9A24D-E19B-42F5-A298-805A489334EF}.SingleImage|Mixed Platforms.Build.0 = Release|Any CPU
		{A7C9A24D-E19B-42F5-A298-805A489334EF}.SingleImage|Win32.ActiveCfg = Release|Any CPU
		{07A6EACA-75CC-4530-95C2-7C10832A7025}.CD_ROM|Any CPU.ActiveCfg = Release|Any CPU
		{07A6EACA-75CC-4530-95C2-7C10832A7025}.CD_ROM|Any CPU.Build.0 = Release|Any CPU
		{07A6EACA-75CC-4530-95C2-7C10832A7025}.CD_ROM|Mixed Platforms.ActiveCfg = Release|Any CPU
		{07A6EACA-75CC-4530-95C2-7C10832A7025}.CD_ROM|Mixed Platforms.Build.0 = Release|Any CPU
		{07A6EACA-75CC-4530-95C2-7C10832A7025}.CD_ROM|Win32.ActiveCfg = Release|Any CPU
		{07A6EACA-75CC-4530-95C2-7C10832A7025}.Debug|Any CPU.ActiveCfg = Debug|Any CPU
		{07A6EACA-75CC-4530-95C2-7C10832A7025}.Debug|Any CPU.Build.0 = Debug|Any CPU
		{07A6EACA-75CC-4530-95C2-7C10832A7025}.Debug|Mixed Platforms.ActiveCfg = Debug|Any CPU
		{07A6EACA-75CC-4530-95C2-7C10832A7025}.Debug|Mixed Platforms.Build.0 = Debug|Any CPU
		{07A6EACA-75CC-4530-95C2-7C10832A7025}.Debug|Win32.ActiveCfg = Debug|Any CPU
		{07A6EACA-75CC-4530-95C2-7C10832A7025}.DVD-5|Any CPU.ActiveCfg = Debug|Any CPU
		{07A6EACA-75CC-4530-95C2-7C10832A7025}.DVD-5|Any CPU.Build.0 = Debug|Any CPU
		{07A6EACA-75CC-4530-95C2-7C10832A7025}.DVD-5|Mixed Platforms.ActiveCfg = Debug|Any CPU
		{07A6EACA-75CC-4530-95C2-7C10832A7025}.DVD-5|Mixed Platforms.Build.0 = Debug|Any CPU
		{07A6EACA-75CC-4530-95C2-7C10832A7025}.DVD-5|Win32.ActiveCfg = Debug|Any CPU
		{07A6EACA-75CC-4530-95C2-7C10832A7025}.Release|Any CPU.ActiveCfg = Release|Any CPU
		{07A6EACA-75CC-4530-95C2-7C10832A7025}.Release|Any CPU.Build.0 = Release|Any CPU
		{07A6EACA-75CC-4530-95C2-7C10832A7025}.Release|Mixed Platforms.ActiveCfg = Release|Any CPU
		{07A6EACA-75CC-4530-95C2-7C10832A7025}.Release|Mixed Platforms.Build.0 = Release|Any CPU
		{07A6EACA-75CC-4530-95C2-7C10832A7025}.Release|Win32.ActiveCfg = Release|Any CPU
		{07A6EACA-75CC-4530-95C2-7C10832A7025}.SingleImage|Any CPU.ActiveCfg = Release|Any CPU
		{07A6EACA-75CC-4530-95C2-7C10832A7025}.SingleImage|Any CPU.Build.0 = Release|Any CPU
		{07A6EACA-75CC-4530-95C2-7C10832A7025}.SingleImage|Mixed Platforms.ActiveCfg = Release|Any CPU
		{07A6EACA-75CC-4530-95C2-7C10832A7025}.SingleImage|Mixed Platforms.Build.0 = Release|Any CPU
		{07A6EACA-75CC-4530-95C2-7C10832A7025}.SingleImage|Win32.ActiveCfg = Release|Any CPU
		{16B804A8-04DC-466A-A9CE-3BE07354D302}.CD_ROM|Any CPU.ActiveCfg = Release|Any CPU
		{16B804A8-04DC-466A-A9CE-3BE07354D302}.CD_ROM|Any CPU.Build.0 = Release|Any CPU
		{16B804A8-04DC-466A-A9CE-3BE07354D302}.CD_ROM|Mixed Platforms.ActiveCfg = Release|Any CPU
		{16B804A8-04DC-466A-A9CE-3BE07354D302}.CD_ROM|Mixed Platforms.Build.0 = Release|Any CPU
		{16B804A8-04DC-466A-A9CE-3BE07354D302}.CD_ROM|Win32.ActiveCfg = Release|Any CPU
		{16B804A8-04DC-466A-A9CE-3BE07354D302}.Debug|Any CPU.ActiveCfg = Debug|Any CPU
		{16B804A8-04DC-466A-A9CE-3BE07354D302}.Debug|Any CPU.Build.0 = Debug|Any CPU
		{16B804A8-04DC-466A-A9CE-3BE07354D302}.Debug|Mixed Platforms.ActiveCfg = Debug|Any CPU
		{16B804A8-04DC-466A-A9CE-3BE07354D302}.Debug|Mixed Platforms.Build.0 = Debug|Any CPU
		{16B804A8-04DC-466A-A9CE-3BE07354D302}.Debug|Win32.ActiveCfg = Debug|Any CPU
		{16B804A8-04DC-466A-A9CE-3BE07354D302}.DVD-5|Any CPU.ActiveCfg = Debug|Any CPU
		{16B804A8-04DC-466A-A9CE-3BE07354D302}.DVD-5|Any CPU.Build.0 = Debug|Any CPU
		{16B804A8-04DC-466A-A9CE-3BE07354D302}.DVD-5|Mixed Platforms.ActiveCfg = Debug|Any CPU
		{16B804A8-04DC-466A-A9CE-3BE07354D302}.DVD-5|Mixed Platforms.Build.0 = Debug|Any CPU
		{16B804A8-04DC-466A-A9CE-3BE07354D302}.DVD-5|Win32.ActiveCfg = Debug|Any CPU
		{16B804A8-04DC-466A-A9CE-3BE07354D302}.Release|Any CPU.ActiveCfg = Release|Any CPU
		{16B804A8-04DC-466A-A9CE-3BE07354D302}.Release|Any CPU.Build.0 = Release|Any CPU
		{16B804A8-04DC-466A-A9CE-3BE07354D302}.Release|Mixed Platforms.ActiveCfg = Release|Any CPU
		{16B804A8-04DC-466A-A9CE-3BE07354D302}.Release|Mixed Platforms.Build.0 = Release|Any CPU
		{16B804A8-04DC-466A-A9CE-3BE07354D302}.Release|Win32.ActiveCfg = Release|Any CPU
		{16B804A8-04DC-466A-A9CE-3BE07354D302}.SingleImage|Any CPU.ActiveCfg = Release|Any CPU
		{16B804A8-04DC-466A-A9CE-3BE07354D302}.SingleImage|Any CPU.Build.0 = Release|Any CPU
		{16B804A8-04DC-466A-A9CE-3BE07354D302}.SingleImage|Mixed Platforms.ActiveCfg = Release|Any CPU
		{16B804A8-04DC-466A-A9CE-3BE07354D302}.SingleImage|Mixed Platforms.Build.0 = Release|Any CPU
		{16B804A8-04DC-466A-A9CE-3BE07354D302}.SingleImage|Win32.ActiveCfg = Release|Any CPU
		{40D36590-30CA-4E09-8C0D-058D24E2FD66}.CD_ROM|Any CPU.ActiveCfg = Release|Any CPU
		{40D36590-30CA-4E09-8C0D-058D24E2FD66}.CD_ROM|Any CPU.Build.0 = Release|Any CPU
		{40D36590-30CA-4E09-8C0D-058D24E2FD66}.CD_ROM|Mixed Platforms.ActiveCfg = Release|Any CPU
		{40D36590-30CA-4E09-8C0D-058D24E2FD66}.CD_ROM|Mixed Platforms.Build.0 = Release|Any CPU
		{40D36590-30CA-4E09-8C0D-058D24E2FD66}.CD_ROM|Win32.ActiveCfg = Release|Any CPU
		{40D36590-30CA-4E09-8C0D-058D24E2FD66}.Debug|Any CPU.ActiveCfg = Debug|Any CPU
		{40D36590-30CA-4E09-8C0D-058D24E2FD66}.Debug|Any CPU.Build.0 = Debug|Any CPU
		{40D36590-30CA-4E09-8C0D-058D24E2FD66}.Debug|Mixed Platforms.ActiveCfg = Debug|Any CPU
		{40D36590-30CA-4E09-8C0D-058D24E2FD66}.Debug|Mixed Platforms.Build.0 = Debug|Any CPU
		{40D36590-30CA-4E09-8C0D-058D24E2FD66}.Debug|Win32.ActiveCfg = Debug|Any CPU
		{40D36590-30CA-4E09-8C0D-058D24E2FD66}.DVD-5|Any CPU.ActiveCfg = Debug|Any CPU
		{40D36590-30CA-4E09-8C0D-058D24E2FD66}.DVD-5|Any CPU.Build.0 = Debug|Any CPU
		{40D36590-30CA-4E09-8C0D-058D24E2FD66}.DVD-5|Mixed Platforms.ActiveCfg = Debug|Any CPU
		{40D36590-30CA-4E09-8C0D-058D24E2FD66}.DVD-5|Mixed Platforms.Build.0 = Debug|Any CPU
		{40D36590-30CA-4E09-8C0D-058D24E2FD66}.DVD-5|Win32.ActiveCfg = Debug|Any CPU
		{40D36590-30CA-4E09-8C0D-058D24E2FD66}.Release|Any CPU.ActiveCfg = Release|Any CPU
		{40D36590-30CA-4E09-8C0D-058D24E2FD66}.Release|Any CPU.Build.0 = Release|Any CPU
		{40D36590-30CA-4E09-8C0D-058D24E2FD66}.Release|Mixed Platforms.ActiveCfg = Release|Any CPU
		{40D36590-30CA-4E09-8C0D-058D24E2FD66}.Release|Mixed Platforms.Build.0 = Release|Any CPU
		{40D36590-30CA-4E09-8C0D-058D24E2FD66}.Release|Win32.ActiveCfg = Release|Any CPU
		{40D36590-30CA-4E09-8C0D-058D24E2FD66}.SingleImage|Any CPU.ActiveCfg = Release|Any CPU
		{40D36590-30CA-4E09-8C0D-058D24E2FD66}.SingleImage|Any CPU.Build.0 = Release|Any CPU
		{40D36590-30CA-4E09-8C0D-058D24E2FD66}.SingleImage|Mixed Platforms.ActiveCfg = Release|Any CPU
		{40D36590-30CA-4E09-8C0D-058D24E2FD66}.SingleImage|Mixed Platforms.Build.0 = Release|Any CPU
		{40D36590-30CA-4E09-8C0D-058D24E2FD66}.SingleImage|Win32.ActiveCfg = Release|Any CPU
		{7713F29C-B4CC-465F-B419-7BEF546FEE06}.CD_ROM|Any CPU.ActiveCfg = Release|Any CPU
		{7713F29C-B4CC-465F-B419-7BEF546FEE06}.CD_ROM|Any CPU.Build.0 = Release|Any CPU
		{7713F29C-B4CC-465F-B419-7BEF546FEE06}.CD_ROM|Mixed Platforms.ActiveCfg = Release|Any CPU
		{7713F29C-B4CC-465F-B419-7BEF546FEE06}.CD_ROM|Mixed Platforms.Build.0 = Release|Any CPU
		{7713F29C-B4CC-465F-B419-7BEF546FEE06}.CD_ROM|Win32.ActiveCfg = Release|Any CPU
		{7713F29C-B4CC-465F-B419-7BEF546FEE06}.Debug|Any CPU.ActiveCfg = Debug|Any CPU
		{7713F29C-B4CC-465F-B419-7BEF546FEE06}.Debug|Any CPU.Build.0 = Debug|Any CPU
		{7713F29C-B4CC-465F-B419-7BEF546FEE06}.Debug|Mixed Platforms.ActiveCfg = Debug|Any CPU
		{7713F29C-B4CC-465F-B419-7BEF546FEE06}.Debug|Mixed Platforms.Build.0 = Debug|Any CPU
		{7713F29C-B4CC-465F-B419-7BEF546FEE06}.Debug|Win32.ActiveCfg = Debug|Any CPU
		{7713F29C-B4CC-465F-B419-7BEF546FEE06}.DVD-5|Any CPU.ActiveCfg = Debug|Any CPU
		{7713F29C-B4CC-465F-B419-7BEF546FEE06}.DVD-5|Any CPU.Build.0 = Debug|Any CPU
		{7713F29C-B4CC-465F-B419-7BEF546FEE06}.DVD-5|Mixed Platforms.ActiveCfg = Debug|Any CPU
		{7713F29C-B4CC-465F-B419-7BEF546FEE06}.DVD-5|Mixed Platforms.Build.0 = Debug|Any CPU
		{7713F29C-B4CC-465F-B419-7BEF546FEE06}.DVD-5|Win32.ActiveCfg = Debug|Any CPU
		{7713F29C-B4CC-465F-B419-7BEF546FEE06}.Release|Any CPU.ActiveCfg = Release|Any CPU
		{7713F29C-B4CC-465F-B419-7BEF546FEE06}.Release|Any CPU.Build.0 = Release|Any CPU
		{7713F29C-B4CC-465F-B419-7BEF546FEE06}.Release|Mixed Platforms.ActiveCfg = Release|Any CPU
		{7713F29C-B4CC-465F-B419-7BEF546FEE06}.Release|Mixed Platforms.Build.0 = Release|Any CPU
		{7713F29C-B4CC-465F-B419-7BEF546FEE06}.Release|Win32.ActiveCfg = Release|Any CPU
		{7713F29C-B4CC-465F-B419-7BEF546FEE06}.SingleImage|Any CPU.ActiveCfg = Release|Any CPU
		{7713F29C-B4CC-465F-B419-7BEF546FEE06}.SingleImage|Any CPU.Build.0 = Release|Any CPU
		{7713F29C-B4CC-465F-B419-7BEF546FEE06}.SingleImage|Mixed Platforms.ActiveCfg = Release|Any CPU
		{7713F29C-B4CC-465F-B419-7BEF546FEE06}.SingleImage|Mixed Platforms.Build.0 = Release|Any CPU
		{7713F29C-B4CC-465F-B419-7BEF546FEE06}.SingleImage|Win32.ActiveCfg = Release|Any CPU
		{2B65EB5D-ACB6-4380-B77E-ED50371FD5C8}.CD_ROM|Any CPU.ActiveCfg = Release|Any CPU
		{2B65EB5D-ACB6-4380-B77E-ED50371FD5C8}.CD_ROM|Any CPU.Build.0 = Release|Any CPU
		{2B65EB5D-ACB6-4380-B77E-ED50371FD5C8}.CD_ROM|Mixed Platforms.ActiveCfg = Release|Any CPU
		{2B65EB5D-ACB6-4380-B77E-ED50371FD5C8}.CD_ROM|Mixed Platforms.Build.0 = Release|Any CPU
		{2B65EB5D-ACB6-4380-B77E-ED50371FD5C8}.CD_ROM|Win32.ActiveCfg = Release|Any CPU
		{2B65EB5D-ACB6-4380-B77E-ED50371FD5C8}.Debug|Any CPU.ActiveCfg = Debug|Any CPU
		{2B65EB5D-ACB6-4380-B77E-ED50371FD5C8}.Debug|Any CPU.Build.0 = Debug|Any CPU
		{2B65EB5D-ACB6-4380-B77E-ED50371FD5C8}.Debug|Mixed Platforms.ActiveCfg = Debug|Any CPU
		{2B65EB5D-ACB6-4380-B77E-ED50371FD5C8}.Debug|Mixed Platforms.Build.0 = Debug|Any CPU
		{2B65EB5D-ACB6-4380-B77E-ED50371FD5C8}.Debug|Win32.ActiveCfg = Debug|Any CPU
		{2B65EB5D-ACB6-4380-B77E-ED50371FD5C8}.DVD-5|Any CPU.ActiveCfg = Debug|Any CPU
		{2B65EB5D-ACB6-4380-B77E-ED50371FD5C8}.DVD-5|Any CPU.Build.0 = Debug|Any CPU
		{2B65EB5D-ACB6-4380-B77E-ED50371FD5C8}.DVD-5|Mixed Platforms.ActiveCfg = Debug|Any CPU
		{2B65EB5D-ACB6-4380-B77E-ED50371FD5C8}.DVD-5|Mixed Platforms.Build.0 = Debug|Any CPU
		{2B65EB5D-ACB6-4380-B77E-ED50371FD5C8}.DVD-5|Win32.ActiveCfg = Debug|Any CPU
		{2B65EB5D-ACB6-4380-B77E-ED50371FD5C8}.Release|Any CPU.ActiveCfg = Release|Any CPU
		{2B65EB5D-ACB6-4380-B77E-ED50371FD5C8}.Release|Any CPU.Build.0 = Release|Any CPU
		{2B65EB5D-ACB6-4380-B77E-ED50371FD5C8}.Release|Mixed Platforms.ActiveCfg = Release|Any CPU
		{2B65EB5D-ACB6-4380-B77E-ED50371FD5C8}.Release|Mixed Platforms.Build.0 = Release|Any CPU
		{2B65EB5D-ACB6-4380-B77E-ED50371FD5C8}.Release|Win32.ActiveCfg = Release|Any CPU
		{2B65EB5D-ACB6-4380-B77E-ED50371FD5C8}.SingleImage|Any CPU.ActiveCfg = Release|Any CPU
		{2B65EB5D-ACB6-4380-B77E-ED50371FD5C8}.SingleImage|Any CPU.Build.0 = Release|Any CPU
		{2B65EB5D-ACB6-4380-B77E-ED50371FD5C8}.SingleImage|Mixed Platforms.ActiveCfg = Release|Any CPU
		{2B65EB5D-ACB6-4380-B77E-ED50371FD5C8}.SingleImage|Mixed Platforms.Build.0 = Release|Any CPU
		{2B65EB5D-ACB6-4380-B77E-ED50371FD5C8}.SingleImage|Win32.ActiveCfg = Release|Any CPU
		{EFDA1EF5-7C81-49F6-96B0-511A8267939B}.CD_ROM|Any CPU.ActiveCfg = Release|Any CPU
		{EFDA1EF5-7C81-49F6-96B0-511A8267939B}.CD_ROM|Any CPU.Build.0 = Release|Any CPU
		{EFDA1EF5-7C81-49F6-96B0-511A8267939B}.CD_ROM|Mixed Platforms.ActiveCfg = Release|Any CPU
		{EFDA1EF5-7C81-49F6-96B0-511A8267939B}.CD_ROM|Mixed Platforms.Build.0 = Release|Any CPU
		{EFDA1EF5-7C81-49F6-96B0-511A8267939B}.CD_ROM|Win32.ActiveCfg = Release|Any CPU
		{EFDA1EF5-7C81-49F6-96B0-511A8267939B}.Debug|Any CPU.ActiveCfg = Debug|Any CPU
		{EFDA1EF5-7C81-49F6-96B0-511A8267939B}.Debug|Any CPU.Build.0 = Debug|Any CPU
		{EFDA1EF5-7C81-49F6-96B0-511A8267939B}.Debug|Mixed Platforms.ActiveCfg = Debug|Any CPU
		{EFDA1EF5-7C81-49F6-96B0-511A8267939B}.Debug|Mixed Platforms.Build.0 = Debug|Any CPU
		{EFDA1EF5-7C81-49F6-96B0-511A8267939B}.Debug|Win32.ActiveCfg = Debug|Any CPU
		{EFDA1EF5-7C81-49F6-96B0-511A8267939B}.DVD-5|Any CPU.ActiveCfg = Debug|Any CPU
		{EFDA1EF5-7C81-49F6-96B0-511A8267939B}.DVD-5|Any CPU.Build.0 = Debug|Any CPU
		{EFDA1EF5-7C81-49F6-96B0-511A8267939B}.DVD-5|Mixed Platforms.ActiveCfg = Debug|Any CPU
		{EFDA1EF5-7C81-49F6-96B0-511A8267939B}.DVD-5|Mixed Platforms.Build.0 = Debug|Any CPU
		{EFDA1EF5-7C81-49F6-96B0-511A8267939B}.DVD-5|Win32.ActiveCfg = Debug|Any CPU
		{EFDA1EF5-7C81-49F6-96B0-511A8267939B}.Release|Any CPU.ActiveCfg = Release|Any CPU
		{EFDA1EF5-7C81-49F6-96B0-511A8267939B}.Release|Any CPU.Build.0 = Release|Any CPU
		{EFDA1EF5-7C81-49F6-96B0-511A8267939B}.Release|Mixed Platforms.ActiveCfg = Release|Any CPU
		{EFDA1EF5-7C81-49F6-96B0-511A8267939B}.Release|Mixed Platforms.Build.0 = Release|Any CPU
		{EFDA1EF5-7C81-49F6-96B0-511A8267939B}.Release|Win32.ActiveCfg = Release|Any CPU
		{EFDA1EF5-7C81-49F6-96B0-511A8267939B}.SingleImage|Any CPU.ActiveCfg = Release|Any CPU
		{EFDA1EF5-7C81-49F6-96B0-511A8267939B}.SingleImage|Any CPU.Build.0 = Release|Any CPU
		{EFDA1EF5-7C81-49F6-96B0-511A8267939B}.SingleImage|Mixed Platforms.ActiveCfg = Release|Any CPU
		{EFDA1EF5-7C81-49F6-96B0-511A8267939B}.SingleImage|Mixed Platforms.Build.0 = Release|Any CPU
		{EFDA1EF5-7C81-49F6-96B0-511A8267939B}.SingleImage|Win32.ActiveCfg = Release|Any CPU
		{63864F27-4AC7-4C5E-A788-8147A1FB220E}.CD_ROM|Any CPU.ActiveCfg = Release|Any CPU
		{63864F27-4AC7-4C5E-A788-8147A1FB220E}.CD_ROM|Any CPU.Build.0 = Release|Any CPU
		{63864F27-4AC7-4C5E-A788-8147A1FB220E}.CD_ROM|Mixed Platforms.ActiveCfg = Release|Any CPU
		{63864F27-4AC7-4C5E-A788-8147A1FB220E}.CD_ROM|Mixed Platforms.Build.0 = Release|Any CPU
		{63864F27-4AC7-4C5E-A788-8147A1FB220E}.CD_ROM|Win32.ActiveCfg = Release|Any CPU
		{63864F27-4AC7-4C5E-A788-8147A1FB220E}.Debug|Any CPU.ActiveCfg = Debug|Any CPU
		{63864F27-4AC7-4C5E-A788-8147A1FB220E}.Debug|Any CPU.Build.0 = Debug|Any CPU
		{63864F27-4AC7-4C5E-A788-8147A1FB220E}.Debug|Mixed Platforms.ActiveCfg = Debug|Any CPU
		{63864F27-4AC7-4C5E-A788-8147A1FB220E}.Debug|Mixed Platforms.Build.0 = Debug|Any CPU
		{63864F27-4AC7-4C5E-A788-8147A1FB220E}.Debug|Win32.ActiveCfg = Debug|Any CPU
		{63864F27-4AC7-4C5E-A788-8147A1FB220E}.DVD-5|Any CPU.ActiveCfg = Debug|Any CPU
		{63864F27-4AC7-4C5E-A788-8147A1FB220E}.DVD-5|Any CPU.Build.0 = Debug|Any CPU
		{63864F27-4AC7-4C5E-A788-8147A1FB220E}.DVD-5|Mixed Platforms.ActiveCfg = Debug|Any CPU
		{63864F27-4AC7-4C5E-A788-8147A1FB220E}.DVD-5|Mixed Platforms.Build.0 = Debug|Any CPU
		{63864F27-4AC7-4C5E-A788-8147A1FB220E}.DVD-5|Win32.ActiveCfg = Debug|Any CPU
		{63864F27-4AC7-4C5E-A788-8147A1FB220E}.Release|Any CPU.ActiveCfg = Release|Any CPU
		{63864F27-4AC7-4C5E-A788-8147A1FB220E}.Release|Any CPU.Build.0 = Release|Any CPU
		{63864F27-4AC7-4C5E-A788-8147A1FB220E}.Release|Mixed Platforms.ActiveCfg = Release|Any CPU
		{63864F27-4AC7-4C5E-A788-8147A1FB220E}.Release|Mixed Platforms.Build.0 = Release|Any CPU
		{63864F27-4AC7-4C5E-A788-8147A1FB220E}.Release|Win32.ActiveCfg = Release|Any CPU
		{63864F27-4AC7-4C5E-A788-8147A1FB220E}.SingleImage|Any CPU.ActiveCfg = Release|Any CPU
		{63864F27-4AC7-4C5E-A788-8147A1FB220E}.SingleImage|Any CPU.Build.0 = Release|Any CPU
		{63864F27-4AC7-4C5E-A788-8147A1FB220E}.SingleImage|Mixed Platforms.ActiveCfg = Release|Any CPU
		{63864F27-4AC7-4C5E-A788-8147A1FB220E}.SingleImage|Mixed Platforms.Build.0 = Release|Any CPU
		{63864F27-4AC7-4C5E-A788-8147A1FB220E}.SingleImage|Win32.ActiveCfg = Release|Any CPU
		{8A2C7BF9-4645-4E8B-AF9F-7D044A716C3B}.CD_ROM|Any CPU.ActiveCfg = Release|Any CPU
		{8A2C7BF9-4645-4E8B-AF9F-7D044A716C3B}.CD_ROM|Any CPU.Build.0 = Release|Any CPU
		{8A2C7BF9-4645-4E8B-AF9F-7D044A716C3B}.CD_ROM|Mixed Platforms.ActiveCfg = Release|Any CPU
		{8A2C7BF9-4645-4E8B-AF9F-7D044A716C3B}.CD_ROM|Mixed Platforms.Build.0 = Release|Any CPU
		{8A2C7BF9-4645-4E8B-AF9F-7D044A716C3B}.CD_ROM|Win32.ActiveCfg = Release|Any CPU
		{8A2C7BF9-4645-4E8B-AF9F-7D044A716C3B}.Debug|Any CPU.ActiveCfg = Debug|Any CPU
		{8A2C7BF9-4645-4E8B-AF9F-7D044A716C3B}.Debug|Any CPU.Build.0 = Debug|Any CPU
		{8A2C7BF9-4645-4E8B-AF9F-7D044A716C3B}.Debug|Mixed Platforms.ActiveCfg = Debug|Any CPU
		{8A2C7BF9-4645-4E8B-AF9F-7D044A716C3B}.Debug|Mixed Platforms.Build.0 = Debug|Any CPU
		{8A2C7BF9-4645-4E8B-AF9F-7D044A716C3B}.Debug|Win32.ActiveCfg = Debug|Any CPU
		{8A2C7BF9-4645-4E8B-AF9F-7D044A716C3B}.DVD-5|Any CPU.ActiveCfg = Debug|Any CPU
		{8A2C7BF9-4645-4E8B-AF9F-7D044A716C3B}.DVD-5|Any CPU.Build.0 = Debug|Any CPU
		{8A2C7BF9-4645-4E8B-AF9F-7D044A716C3B}.DVD-5|Mixed Platforms.ActiveCfg = Debug|Any CPU
		{8A2C7BF9-4645-4E8B-AF9F-7D044A716C3B}.DVD-5|Mixed Platforms.Build.0 = Debug|Any CPU
		{8A2C7BF9-4645-4E8B-AF9F-7D044A716C3B}.DVD-5|Win32.ActiveCfg = Debug|Any CPU
		{8A2C7BF9-4645-4E8B-AF9F-7D044A716C3B}.Release|Any CPU.ActiveCfg = Release|Any CPU
		{8A2C7BF9-4645-4E8B-AF9F-7D044A716C3B}.Release|Any CPU.Build.0 = Release|Any CPU
		{8A2C7BF9-4645-4E8B-AF9F-7D044A716C3B}.Release|Mixed Platforms.ActiveCfg = Release|Any CPU
		{8A2C7BF9-4645-4E8B-AF9F-7D044A716C3B}.Release|Mixed Platforms.Build.0 = Release|Any CPU
		{8A2C7BF9-4645-4E8B-AF9F-7D044A716C3B}.Release|Win32.ActiveCfg = Release|Any CPU
		{8A2C7BF9-4645-4E8B-AF9F-7D044A716C3B}.SingleImage|Any CPU.ActiveCfg = Release|Any CPU
		{8A2C7BF9-4645-4E8B-AF9F-7D044A716C3B}.SingleImage|Any CPU.Build.0 = Release|Any CPU
		{8A2C7BF9-4645-4E8B-AF9F-7D044A716C3B}.SingleImage|Mixed Platforms.ActiveCfg = Release|Any CPU
		{8A2C7BF9-4645-4E8B-AF9F-7D044A716C3B}.SingleImage|Mixed Platforms.Build.0 = Release|Any CPU
		{8A2C7BF9-4645-4E8B-AF9F-7D044A716C3B}.SingleImage|Win32.ActiveCfg = Release|Any CPU
		{59F53796-D08C-4346-A6A2-50491E9F3ECC}.CD_ROM|Any CPU.ActiveCfg = Release|Any CPU
		{59F53796-D08C-4346-A6A2-50491E9F3ECC}.CD_ROM|Any CPU.Build.0 = Release|Any CPU
		{59F53796-D08C-4346-A6A2-50491E9F3ECC}.CD_ROM|Mixed Platforms.ActiveCfg = Release|Any CPU
		{59F53796-D08C-4346-A6A2-50491E9F3ECC}.CD_ROM|Mixed Platforms.Build.0 = Release|Any CPU
		{59F53796-D08C-4346-A6A2-50491E9F3ECC}.CD_ROM|Win32.ActiveCfg = Release|Any CPU
		{59F53796-D08C-4346-A6A2-50491E9F3ECC}.Debug|Any CPU.ActiveCfg = Debug|Any CPU
		{59F53796-D08C-4346-A6A2-50491E9F3ECC}.Debug|Any CPU.Build.0 = Debug|Any CPU
		{59F53796-D08C-4346-A6A2-50491E9F3ECC}.Debug|Mixed Platforms.ActiveCfg = Debug|Any CPU
		{59F53796-D08C-4346-A6A2-50491E9F3ECC}.Debug|Mixed Platforms.Build.0 = Debug|Any CPU
		{59F53796-D08C-4346-A6A2-50491E9F3ECC}.Debug|Win32.ActiveCfg = Debug|Any CPU
		{59F53796-D08C-4346-A6A2-50491E9F3ECC}.DVD-5|Any CPU.ActiveCfg = Debug|Any CPU
		{59F53796-D08C-4346-A6A2-50491E9F3ECC}.DVD-5|Any CPU.Build.0 = Debug|Any CPU
		{59F53796-D08C-4346-A6A2-50491E9F3ECC}.DVD-5|Mixed Platforms.ActiveCfg = Debug|Any CPU
		{59F53796-D08C-4346-A6A2-50491E9F3ECC}.DVD-5|Mixed Platforms.Build.0 = Debug|Any CPU
		{59F53796-D08C-4346-A6A2-50491E9F3ECC}.DVD-5|Win32.ActiveCfg = Debug|Any CPU
		{59F53796-D08C-4346-A6A2-50491E9F3ECC}.Release|Any CPU.ActiveCfg = Release|Any CPU
		{59F53796-D08C-4346-A6A2-50491E9F3ECC}.Release|Any CPU.Build.0 = Release|Any CPU
		{59F53796-D08C-4346-A6A2-50491E9F3ECC}.Release|Mixed Platforms.ActiveCfg = Release|Any CPU
		{59F53796-D08C-4346-A6A2-50491E9F3ECC}.Release|Mixed Platforms.Build.0 = Release|Any CPU
		{59F53796-D08C-4346-A6A2-50491E9F3ECC}.Release|Win32.ActiveCfg = Release|Any CPU
		{59F53796-D08C-4346-A6A2-50491E9F3ECC}.SingleImage|Any CPU.ActiveCfg = Release|Any CPU
		{59F53796-D08C-4346-A6A2-50491E9F3ECC}.SingleImage|Any CPU.Build.0 = Release|Any CPU
		{59F53796-D08C-4346-A6A2-50491E9F3ECC}.SingleImage|Mixed Platforms.ActiveCfg = Release|Any CPU
		{59F53796-D08C-4346-A6A2-50491E9F3ECC}.SingleImage|Mixed Platforms.Build.0 = Release|Any CPU
		{59F53796-D08C-4346-A6A2-50491E9F3ECC}.SingleImage|Win32.ActiveCfg = Release|Any CPU
	EndGlobalSection
	GlobalSection(SolutionProperties) = preSolution
		HideSolutionNode = FALSE
	EndGlobalSection
	GlobalSection(NestedProjects) = preSolution
		{B5F73047-284A-42D5-BD2D-2D343EDB87B4} = {9C98119C-27BB-4038-9B80-DC7361D61A59}
		{5D762427-4222-4CE4-8821-7E81A4778913} = {B66E4689-5574-418C-8F46-1CAA2A2AC65A}
		{2AA374CD-926C-42FA-9D2B-B172151D07B4} = {B66E4689-5574-418C-8F46-1CAA2A2AC65A}
		{D7946CAC-076D-45FB-8AC9-ED029B4CBF20} = {B66E4689-5574-418C-8F46-1CAA2A2AC65A}
		{20D2D5E6-D1F9-49A1-B628-C2605AE1C1E8} = {B66E4689-5574-418C-8F46-1CAA2A2AC65A}
		{3583C7BB-5F37-42B2-B3F1-6481A869DC9D} = {9C98119C-27BB-4038-9B80-DC7361D61A59}
		{45424E72-B5C1-4190-896E-BB9DE4675958} = {9C98119C-27BB-4038-9B80-DC7361D61A59}
		{AC9C8372-69B8-4AA3-9294-EFD7656C3661} = {A946A3B2-CB07-4C9D-8F90-54D31613707D}
		{4C862BF3-1282-459B-9416-0D04D566F998} = {A946A3B2-CB07-4C9D-8F90-54D31613707D}
		{DC7D62DC-9BAD-44ED-831D-7AE7CBCFCCA5} = {B66E4689-5574-418C-8F46-1CAA2A2AC65A}
		{21997B72-ADB7-4DE8-B540-4842B2D84027} = {B9E5D282-AA1C-4704-A4B2-B76E690E5A6A}
		{DF41552D-D7F0-4CE8-ABCF-C701A6B0C620} = {B9E5D282-AA1C-4704-A4B2-B76E690E5A6A}
		{5F96ED54-716A-4963-B7F3-F2867F3BF8EF} = {B9E5D282-AA1C-4704-A4B2-B76E690E5A6A}
		{5618710C-9D78-4D72-B931-35F006856566} = {B9E5D282-AA1C-4704-A4B2-B76E690E5A6A}
		{16D8683E-15ED-4770-8F6C-548D89055377} = {B9E5D282-AA1C-4704-A4B2-B76E690E5A6A}
		{EA134C28-C6E3-4844-9515-40417FBF6A45} = {B9E5D282-AA1C-4704-A4B2-B76E690E5A6A}
		{A292F920-6D85-4113-BC9B-4127D40D6CB2} = {97AAFB01-70C9-4D51-8D0B-B7AD93515486}
		{26D7E496-986C-479C-B0EC-FA8A784C79D9} = {97AAFB01-70C9-4D51-8D0B-B7AD93515486}
		{77B2F252-4034-49C8-A46F-606BE9FABB3E} = {199F895A-4A05-4434-9A6D-02531509A1E5}
		{2210F1C7-64CF-44A6-A8C9-A512E765EB63} = {199F895A-4A05-4434-9A6D-02531509A1E5}
		{A7C9A24D-E19B-42F5-A298-805A489334EF} = {199F895A-4A05-4434-9A6D-02531509A1E5}
		{16B804A8-04DC-466A-A9CE-3BE07354D302} = {870DF395-51BE-4485-B9FD-76E0C2232351}
		{40D36590-30CA-4E09-8C0D-058D24E2FD66} = {B9E5D282-AA1C-4704-A4B2-B76E690E5A6A}
		{7713F29C-B4CC-465F-B419-7BEF546FEE06} = {199F895A-4A05-4434-9A6D-02531509A1E5}
		{2B65EB5D-ACB6-4380-B77E-ED50371FD5C8} = {870DF395-51BE-4485-B9FD-76E0C2232351}
		{EFDA1EF5-7C81-49F6-96B0-511A8267939B} = {B9E5D282-AA1C-4704-A4B2-B76E690E5A6A}
		{63864F27-4AC7-4C5E-A788-8147A1FB220E} = {870DF395-51BE-4485-B9FD-76E0C2232351}
		{8A2C7BF9-4645-4E8B-AF9F-7D044A716C3B} = {870DF395-51BE-4485-B9FD-76E0C2232351}
		{59F53796-D08C-4346-A6A2-50491E9F3ECC} = {B9E5D282-AA1C-4704-A4B2-B76E690E5A6A}
	EndGlobalSection
	GlobalSection(ExtensibilityGlobals) = postSolution
		SolutionGuid = {2D56AA7D-6988-4E5B-BF2B-C4E6FE6BD438}
	EndGlobalSection
EndGlobal
